// !$*UTF8*$!
{
	archiveVersion = 1;
	classes = {
	};
	objectVersion = 46;
	objects = {

/* Begin PBXBuildFile section */
		E202B79919580A14003C70B9 /* SplusUser.h in Headers */ = {isa = PBXBuildFile; fileRef = E202B79719580A14003C70B9 /* SplusUser.h */; settings = {ATTRIBUTES = (Public, ); }; };
		E202B79A19580A14003C70B9 /* SplusUser.m in Sources */ = {isa = PBXBuildFile; fileRef = E202B79819580A14003C70B9 /* SplusUser.m */; };
		E205338D19652807007CB4CE /* PayWebView.h in Headers */ = {isa = PBXBuildFile; fileRef = E205338B19652807007CB4CE /* PayWebView.h */; };
		E205338E19652807007CB4CE /* PayWebView.m in Sources */ = {isa = PBXBuildFile; fileRef = E205338C19652807007CB4CE /* PayWebView.m */; };
		E2053395196557D7007CB4CE /* QutoPayHome.h in Headers */ = {isa = PBXBuildFile; fileRef = E2053393196557D7007CB4CE /* QutoPayHome.h */; };
		E2053396196557D7007CB4CE /* QutoPayHome.m in Sources */ = {isa = PBXBuildFile; fileRef = E2053394196557D7007CB4CE /* QutoPayHome.m */; };
		E2072E1B195D04B6001FA06C /* PayManual.h in Headers */ = {isa = PBXBuildFile; fileRef = E2072E19195D04B6001FA06C /* PayManual.h */; };
		E2072E1C195D04B6001FA06C /* PayManual.m in Sources */ = {isa = PBXBuildFile; fileRef = E2072E1A195D04B6001FA06C /* PayManual.m */; };
		E207ED6D195957F50060A584 /* PayHome.h in Headers */ = {isa = PBXBuildFile; fileRef = E207ED6B195957F50060A584 /* PayHome.h */; };
		E207ED6E195957F50060A584 /* PayHome.m in Sources */ = {isa = PBXBuildFile; fileRef = E207ED6C195957F50060A584 /* PayHome.m */; };
		E207ED7119595D080060A584 /* CollectionPayCell.h in Headers */ = {isa = PBXBuildFile; fileRef = E207ED6F19595D080060A584 /* CollectionPayCell.h */; };
		E207ED7219595D080060A584 /* CollectionPayCell.m in Sources */ = {isa = PBXBuildFile; fileRef = E207ED7019595D080060A584 /* CollectionPayCell.m */; };
		E2086F69195A65B200523F0E /* NSIndexPath+PSTCollectionViewAdditions.h in Headers */ = {isa = PBXBuildFile; fileRef = E2086F4D195A65B200523F0E /* NSIndexPath+PSTCollectionViewAdditions.h */; };
		E2086F6A195A65B200523F0E /* NSIndexPath+PSTCollectionViewAdditions.m in Sources */ = {isa = PBXBuildFile; fileRef = E2086F4E195A65B200523F0E /* NSIndexPath+PSTCollectionViewAdditions.m */; };
		E2086F6B195A65B200523F0E /* PSTCollectionView.h in Headers */ = {isa = PBXBuildFile; fileRef = E2086F4F195A65B200523F0E /* PSTCollectionView.h */; };
		E2086F6C195A65B200523F0E /* PSTCollectionView.m in Sources */ = {isa = PBXBuildFile; fileRef = E2086F50195A65B200523F0E /* PSTCollectionView.m */; };
		E2086F6D195A65B200523F0E /* PSTCollectionViewCell.h in Headers */ = {isa = PBXBuildFile; fileRef = E2086F51195A65B200523F0E /* PSTCollectionViewCell.h */; };
		E2086F6E195A65B200523F0E /* PSTCollectionViewCell.m in Sources */ = {isa = PBXBuildFile; fileRef = E2086F52195A65B200523F0E /* PSTCollectionViewCell.m */; };
		E2086F6F195A65B200523F0E /* PSTCollectionViewCommon.h in Headers */ = {isa = PBXBuildFile; fileRef = E2086F53195A65B200523F0E /* PSTCollectionViewCommon.h */; };
		E2086F70195A65B200523F0E /* PSTCollectionViewController.h in Headers */ = {isa = PBXBuildFile; fileRef = E2086F54195A65B200523F0E /* PSTCollectionViewController.h */; };
		E2086F71195A65B200523F0E /* PSTCollectionViewController.m in Sources */ = {isa = PBXBuildFile; fileRef = E2086F55195A65B200523F0E /* PSTCollectionViewController.m */; };
		E2086F72195A65B200523F0E /* PSTCollectionViewData.h in Headers */ = {isa = PBXBuildFile; fileRef = E2086F56195A65B200523F0E /* PSTCollectionViewData.h */; };
		E2086F73195A65B200523F0E /* PSTCollectionViewData.m in Sources */ = {isa = PBXBuildFile; fileRef = E2086F57195A65B200523F0E /* PSTCollectionViewData.m */; };
		E2086F74195A65B200523F0E /* PSTCollectionViewFlowLayout.h in Headers */ = {isa = PBXBuildFile; fileRef = E2086F58195A65B200523F0E /* PSTCollectionViewFlowLayout.h */; };
		E2086F75195A65B200523F0E /* PSTCollectionViewFlowLayout.m in Sources */ = {isa = PBXBuildFile; fileRef = E2086F59195A65B200523F0E /* PSTCollectionViewFlowLayout.m */; };
		E2086F76195A65B200523F0E /* PSTCollectionViewItemKey.h in Headers */ = {isa = PBXBuildFile; fileRef = E2086F5A195A65B200523F0E /* PSTCollectionViewItemKey.h */; };
		E2086F77195A65B200523F0E /* PSTCollectionViewItemKey.m in Sources */ = {isa = PBXBuildFile; fileRef = E2086F5B195A65B200523F0E /* PSTCollectionViewItemKey.m */; };
		E2086F78195A65B200523F0E /* PSTCollectionViewLayout+Internals.h in Headers */ = {isa = PBXBuildFile; fileRef = E2086F5C195A65B200523F0E /* PSTCollectionViewLayout+Internals.h */; };
		E2086F79195A65B200523F0E /* PSTCollectionViewLayout.h in Headers */ = {isa = PBXBuildFile; fileRef = E2086F5D195A65B200523F0E /* PSTCollectionViewLayout.h */; };
		E2086F7A195A65B200523F0E /* PSTCollectionViewLayout.m in Sources */ = {isa = PBXBuildFile; fileRef = E2086F5E195A65B200523F0E /* PSTCollectionViewLayout.m */; };
		E2086F7B195A65B200523F0E /* PSTCollectionViewUpdateItem.h in Headers */ = {isa = PBXBuildFile; fileRef = E2086F5F195A65B200523F0E /* PSTCollectionViewUpdateItem.h */; };
		E2086F7C195A65B200523F0E /* PSTCollectionViewUpdateItem.m in Sources */ = {isa = PBXBuildFile; fileRef = E2086F60195A65B200523F0E /* PSTCollectionViewUpdateItem.m */; };
		E2086F7D195A65B200523F0E /* PSTGridLayoutInfo.h in Headers */ = {isa = PBXBuildFile; fileRef = E2086F61195A65B200523F0E /* PSTGridLayoutInfo.h */; };
		E2086F7E195A65B200523F0E /* PSTGridLayoutInfo.m in Sources */ = {isa = PBXBuildFile; fileRef = E2086F62195A65B200523F0E /* PSTGridLayoutInfo.m */; };
		E2086F7F195A65B200523F0E /* PSTGridLayoutItem.h in Headers */ = {isa = PBXBuildFile; fileRef = E2086F63195A65B200523F0E /* PSTGridLayoutItem.h */; };
		E2086F80195A65B200523F0E /* PSTGridLayoutItem.m in Sources */ = {isa = PBXBuildFile; fileRef = E2086F64195A65B200523F0E /* PSTGridLayoutItem.m */; };
		E2086F81195A65B200523F0E /* PSTGridLayoutRow.h in Headers */ = {isa = PBXBuildFile; fileRef = E2086F65195A65B200523F0E /* PSTGridLayoutRow.h */; };
		E2086F82195A65B200523F0E /* PSTGridLayoutRow.m in Sources */ = {isa = PBXBuildFile; fileRef = E2086F66195A65B200523F0E /* PSTGridLayoutRow.m */; };
		E2086F83195A65B200523F0E /* PSTGridLayoutSection.h in Headers */ = {isa = PBXBuildFile; fileRef = E2086F67195A65B200523F0E /* PSTGridLayoutSection.h */; };
		E2086F84195A65B200523F0E /* PSTGridLayoutSection.m in Sources */ = {isa = PBXBuildFile; fileRef = E2086F68195A65B200523F0E /* PSTGridLayoutSection.m */; };
		E2086F87195AC39300523F0E /* PayCreditCard.h in Headers */ = {isa = PBXBuildFile; fileRef = E2086F85195AC39300523F0E /* PayCreditCard.h */; };
		E2086F88195AC39300523F0E /* PayCreditCard.m in Sources */ = {isa = PBXBuildFile; fileRef = E2086F86195AC39300523F0E /* PayCreditCard.m */; };
		E2185CC2196151C700B4C885 /* CoinRatio.h in Headers */ = {isa = PBXBuildFile; fileRef = E2185CC0196151C700B4C885 /* CoinRatio.h */; };
		E2185CC3196151C700B4C885 /* CoinRatio.m in Sources */ = {isa = PBXBuildFile; fileRef = E2185CC1196151C700B4C885 /* CoinRatio.m */; };
		E220FD7A19625DD200A4CBE9 /* AlixPay.h in Headers */ = {isa = PBXBuildFile; fileRef = E220FD7719625DD200A4CBE9 /* AlixPay.h */; };
		E220FD7B19625DD200A4CBE9 /* AlixPayOrder.h in Headers */ = {isa = PBXBuildFile; fileRef = E220FD7819625DD200A4CBE9 /* AlixPayOrder.h */; };
		E220FD7C19625DD200A4CBE9 /* AlixPayResult.h in Headers */ = {isa = PBXBuildFile; fileRef = E220FD7919625DD200A4CBE9 /* AlixPayResult.h */; };
		E2291859196A37EC00422926 /* AcountCell.h in Headers */ = {isa = PBXBuildFile; fileRef = E2291857196A37EC00422926 /* AcountCell.h */; };
		E229185A196A37EC00422926 /* AcountCell.m in Sources */ = {isa = PBXBuildFile; fileRef = E2291858196A37EC00422926 /* AcountCell.m */; };
		E229185D196A3BC900422926 /* AcountHome.h in Headers */ = {isa = PBXBuildFile; fileRef = E229185B196A3BC900422926 /* AcountHome.h */; };
		E229185E196A3BC900422926 /* AcountHome.m in Sources */ = {isa = PBXBuildFile; fileRef = E229185C196A3BC900422926 /* AcountHome.m */; };
		E2291861196A86FC00422926 /* SafeHome.h in Headers */ = {isa = PBXBuildFile; fileRef = E229185F196A86FC00422926 /* SafeHome.h */; };
		E2291862196A86FC00422926 /* SafeHome.m in Sources */ = {isa = PBXBuildFile; fileRef = E2291860196A86FC00422926 /* SafeHome.m */; };
		E2291865196A93AD00422926 /* BindPhone.h in Headers */ = {isa = PBXBuildFile; fileRef = E2291863196A93AD00422926 /* BindPhone.h */; };
		E2291866196A93AD00422926 /* BindPhone.m in Sources */ = {isa = PBXBuildFile; fileRef = E2291864196A93AD00422926 /* BindPhone.m */; };
		E2291869196AAB9100422926 /* ModifyPwd.h in Headers */ = {isa = PBXBuildFile; fileRef = E2291867196AAB9100422926 /* ModifyPwd.h */; };
		E229186A196AAB9100422926 /* ModifyPwd.m in Sources */ = {isa = PBXBuildFile; fileRef = E2291868196AAB9100422926 /* ModifyPwd.m */; };
		E22A90F1196BDE97006338C3 /* AcountWeb.h in Headers */ = {isa = PBXBuildFile; fileRef = E22A90EF196BDE97006338C3 /* AcountWeb.h */; };
		E22A90F2196BDE97006338C3 /* AcountWeb.m in Sources */ = {isa = PBXBuildFile; fileRef = E22A90F0196BDE97006338C3 /* AcountWeb.m */; };
		E237B4011952C434007E7103 /* Register.h in Headers */ = {isa = PBXBuildFile; fileRef = E237B3FF1952C434007E7103 /* Register.h */; };
		E23C202B19515E7200EC4F37 /* Activate.h in Headers */ = {isa = PBXBuildFile; fileRef = E23C1FD819515E7100EC4F37 /* Activate.h */; };
		E23C202C19515E7200EC4F37 /* Activate.m in Sources */ = {isa = PBXBuildFile; fileRef = E23C1FD919515E7100EC4F37 /* Activate.m */; };
		E23C202E19515E7200EC4F37 /* HttpUrl.h in Headers */ = {isa = PBXBuildFile; fileRef = E23C1FDC19515E7100EC4F37 /* HttpUrl.h */; };
		E23C202F19515E7200EC4F37 /* AppInfo.h in Headers */ = {isa = PBXBuildFile; fileRef = E23C1FDE19515E7100EC4F37 /* AppInfo.h */; };
		E23C203019515E7200EC4F37 /* AppInfo.m in Sources */ = {isa = PBXBuildFile; fileRef = E23C1FDF19515E7100EC4F37 /* AppInfo.m */; };
		E23C203119515E7200EC4F37 /* SplusInterfaceKit.h in Headers */ = {isa = PBXBuildFile; fileRef = E23C1FE119515E7100EC4F37 /* SplusInterfaceKit.h */; settings = {ATTRIBUTES = (Public, ); }; };
		E23C203219515E7200EC4F37 /* SplusInterfaceKit.m in Sources */ = {isa = PBXBuildFile; fileRef = E23C1FE219515E7100EC4F37 /* SplusInterfaceKit.m */; };
		E23C203319515E7200EC4F37 /* checkWifi.h in Headers */ = {isa = PBXBuildFile; fileRef = E23C1FE419515E7100EC4F37 /* checkWifi.h */; };
		E23C203419515E7200EC4F37 /* checkWifi.m in Sources */ = {isa = PBXBuildFile; fileRef = E23C1FE519515E7100EC4F37 /* checkWifi.m */; };
		E23C203519515E7200EC4F37 /* qqMac.h in Headers */ = {isa = PBXBuildFile; fileRef = E23C1FE619515E7100EC4F37 /* qqMac.h */; };
		E23C203619515E7200EC4F37 /* qqMac.m in Sources */ = {isa = PBXBuildFile; fileRef = E23C1FE719515E7100EC4F37 /* qqMac.m */; settings = {COMPILER_FLAGS = "-fno-objc-arc"; }; };
		E23C203719515E7200EC4F37 /* Reachability.h in Headers */ = {isa = PBXBuildFile; fileRef = E23C1FE819515E7100EC4F37 /* Reachability.h */; };
		E23C203819515E7200EC4F37 /* Reachability.m in Sources */ = {isa = PBXBuildFile; fileRef = E23C1FE919515E7100EC4F37 /* Reachability.m */; };
		E23C204919515E7200EC4F37 /* MBProgressHUD.h in Headers */ = {isa = PBXBuildFile; fileRef = E23C1FFC19515E7200EC4F37 /* MBProgressHUD.h */; };
		E23C204A19515E7200EC4F37 /* MBProgressHUD.m in Sources */ = {isa = PBXBuildFile; fileRef = E23C1FFD19515E7200EC4F37 /* MBProgressHUD.m */; };
		E23C204B19515E7200EC4F37 /* Login.h in Headers */ = {isa = PBXBuildFile; fileRef = E23C1FFF19515E7200EC4F37 /* Login.h */; };
		E23C204C19515E7200EC4F37 /* Login.m in Sources */ = {isa = PBXBuildFile; fileRef = E23C200019515E7200EC4F37 /* Login.m */; };
		E23C204E19515E7200EC4F37 /* MyMD5.h in Headers */ = {isa = PBXBuildFile; fileRef = E23C200319515E7200EC4F37 /* MyMD5.h */; };
		E23C204F19515E7200EC4F37 /* MyMD5.m in Sources */ = {isa = PBXBuildFile; fileRef = E23C200419515E7200EC4F37 /* MyMD5.m */; };
		E23C205019515E7200EC4F37 /* SplusCallback.h in Headers */ = {isa = PBXBuildFile; fileRef = E23C200619515E7200EC4F37 /* SplusCallback.h */; settings = {ATTRIBUTES = (Public, ); }; };
		E23C205919515E7200EC4F37 /* NSData+ASE128.h in Headers */ = {isa = PBXBuildFile; fileRef = E23C201019515E7200EC4F37 /* NSData+ASE128.h */; };
		E23C205A19515E7200EC4F37 /* NSData+ASE128.m in Sources */ = {isa = PBXBuildFile; fileRef = E23C201119515E7200EC4F37 /* NSData+ASE128.m */; };
		E23C205F19515E7200EC4F37 /* NSData+hexRepresentationWithSpaces_AS.h in Headers */ = {isa = PBXBuildFile; fileRef = E23C201619515E7200EC4F37 /* NSData+hexRepresentationWithSpaces_AS.h */; };
		E23C206019515E7200EC4F37 /* NSData+hexRepresentationWithSpaces_AS.m in Sources */ = {isa = PBXBuildFile; fileRef = E23C201719515E7200EC4F37 /* NSData+hexRepresentationWithSpaces_AS.m */; };
		E23C206119515E7200EC4F37 /* NSString+dataFromHexString.h in Headers */ = {isa = PBXBuildFile; fileRef = E23C201819515E7200EC4F37 /* NSString+dataFromHexString.h */; };
		E23C206219515E7200EC4F37 /* NSString+dataFromHexString.m in Sources */ = {isa = PBXBuildFile; fileRef = E23C201919515E7200EC4F37 /* NSString+dataFromHexString.m */; };
		E23C206719515E7200EC4F37 /* QCheckBox.h in Headers */ = {isa = PBXBuildFile; fileRef = E23C201F19515E7200EC4F37 /* QCheckBox.h */; };
		E23C206819515E7200EC4F37 /* QCheckBox.m in Sources */ = {isa = PBXBuildFile; fileRef = E23C202019515E7200EC4F37 /* QCheckBox.m */; settings = {COMPILER_FLAGS = "-fno-objc-arc"; }; };
		E23C206919515E7200EC4F37 /* httpRequest.h in Headers */ = {isa = PBXBuildFile; fileRef = E23C202219515E7200EC4F37 /* httpRequest.h */; };
		E23C206A19515E7200EC4F37 /* httpRequest.m in Sources */ = {isa = PBXBuildFile; fileRef = E23C202319515E7200EC4F37 /* httpRequest.m */; };
		E23C206B19515E7200EC4F37 /* NSDictionary+QueryBuilder.h in Headers */ = {isa = PBXBuildFile; fileRef = E23C202419515E7200EC4F37 /* NSDictionary+QueryBuilder.h */; };
		E23C206C19515E7200EC4F37 /* NSDictionary+QueryBuilder.m in Sources */ = {isa = PBXBuildFile; fileRef = E23C202519515E7200EC4F37 /* NSDictionary+QueryBuilder.m */; };
		E23C206D19515E7200EC4F37 /* SplusImage.h in Headers */ = {isa = PBXBuildFile; fileRef = E23C202619515E7200EC4F37 /* SplusImage.h */; };
		E23C206E19515E7200EC4F37 /* SplusImage.m in Sources */ = {isa = PBXBuildFile; fileRef = E23C202719515E7200EC4F37 /* SplusImage.m */; settings = {COMPILER_FLAGS = "-fno-objc-arc"; }; };
		E23C206F19515E7200EC4F37 /* UserData.h in Headers */ = {isa = PBXBuildFile; fileRef = E23C202919515E7200EC4F37 /* UserData.h */; };
		E23C207019515E7200EC4F37 /* UserData.m in Sources */ = {isa = PBXBuildFile; fileRef = E23C202A19515E7200EC4F37 /* UserData.m */; };
		E23C207819516E8500EC4F37 /* GetImage.h in Headers */ = {isa = PBXBuildFile; fileRef = E23C207619516E8500EC4F37 /* GetImage.h */; };
		E23C207919516E8500EC4F37 /* GetImage.m in Sources */ = {isa = PBXBuildFile; fileRef = E23C207719516E8500EC4F37 /* GetImage.m */; };
		E23C20821951A86900EC4F37 /* DropListView.h in Headers */ = {isa = PBXBuildFile; fileRef = E23C20801951A86900EC4F37 /* DropListView.h */; };
		E23C20831951A86900EC4F37 /* DropListView.m in Sources */ = {isa = PBXBuildFile; fileRef = E23C20811951A86900EC4F37 /* DropListView.m */; settings = {COMPILER_FLAGS = "-fno-objc-arc"; }; };
		E23C20861951AA9700EC4F37 /* DropCell.h in Headers */ = {isa = PBXBuildFile; fileRef = E23C20841951AA9700EC4F37 /* DropCell.h */; };
		E23C20871951AA9700EC4F37 /* DropCell.m in Sources */ = {isa = PBXBuildFile; fileRef = E23C20851951AA9700EC4F37 /* DropCell.m */; settings = {COMPILER_FLAGS = "-fno-objc-arc"; }; };
		E241AEA219664A7300D88E77 /* QutoPayWay.h in Headers */ = {isa = PBXBuildFile; fileRef = E241AEA019664A7300D88E77 /* QutoPayWay.h */; };
		E241AEA319664A7300D88E77 /* QutoPayWay.m in Sources */ = {isa = PBXBuildFile; fileRef = E241AEA119664A7300D88E77 /* QutoPayWay.m */; };
		E24777CB196CDDDE00C01404 /* Floating.h in Headers */ = {isa = PBXBuildFile; fileRef = E24777C7196CDDDE00C01404 /* Floating.h */; };
		E24777CC196CDDDE00C01404 /* Floating.m in Sources */ = {isa = PBXBuildFile; fileRef = E24777C8196CDDDE00C01404 /* Floating.m */; };
		E24777CD196CDDDE00C01404 /* RCDraggableButton.h in Headers */ = {isa = PBXBuildFile; fileRef = E24777C9196CDDDE00C01404 /* RCDraggableButton.h */; };
		E24777CE196CDDDE00C01404 /* RCDraggableButton.m in Sources */ = {isa = PBXBuildFile; fileRef = E24777CA196CDDDE00C01404 /* RCDraggableButton.m */; };
		E24777D1196D182800C01404 /* HomeButton.h in Headers */ = {isa = PBXBuildFile; fileRef = E24777CF196D182800C01404 /* HomeButton.h */; };
		E24777D2196D182800C01404 /* HomeButton.m in Sources */ = {isa = PBXBuildFile; fileRef = E24777D0196D182800C01404 /* HomeButton.m */; };
		E24777D5196D3D0F00C01404 /* QutoPayTip.h in Headers */ = {isa = PBXBuildFile; fileRef = E24777D3196D3D0F00C01404 /* QutoPayTip.h */; };
		E24777D6196D3D0F00C01404 /* QutoPayTip.m in Sources */ = {isa = PBXBuildFile; fileRef = E24777D4196D3D0F00C01404 /* QutoPayTip.m */; };
		E25EB1C319541DB000CDBEC8 /* ActivateInfo.h in Headers */ = {isa = PBXBuildFile; fileRef = E25EB1C119541DB000CDBEC8 /* ActivateInfo.h */; };
		E25EB1C419541DB000CDBEC8 /* ActivateInfo.m in Sources */ = {isa = PBXBuildFile; fileRef = E25EB1C219541DB000CDBEC8 /* ActivateInfo.m */; };
		E29F82971958303700933607 /* Register.m in Sources */ = {isa = PBXBuildFile; fileRef = E237B4001952C434007E7103 /* Register.m */; };
		E2A12681196FB5F100CCB9FF /* libalixpay.a in Frameworks */ = {isa = PBXBuildFile; fileRef = E2A1267D196FB5F100CCB9FF /* libalixpay.a */; };
		E2A12682196FB5F100CCB9FF /* libcrypto.a in Frameworks */ = {isa = PBXBuildFile; fileRef = E2A1267E196FB5F100CCB9FF /* libcrypto.a */; };
		E2A12683196FB5F100CCB9FF /* libssl.a in Frameworks */ = {isa = PBXBuildFile; fileRef = E2A1267F196FB5F100CCB9FF /* libssl.a */; };
		E2A17B7A196F90DF001EC392 /* UPPayPlugin.h in Headers */ = {isa = PBXBuildFile; fileRef = E2CC66CC1962CF9300566EA3 /* UPPayPlugin.h */; };
		E2A17B7E196F97F5001EC392 /* SystemConfiguration.framework in Frameworks */ = {isa = PBXBuildFile; fileRef = E2A17B7D196F97F5001EC392 /* SystemConfiguration.framework */; };
		E2ACA0CF196E427000FC5C2E /* LoginOut.h in Headers */ = {isa = PBXBuildFile; fileRef = E2ACA0CD196E427000FC5C2E /* LoginOut.h */; };
		E2ACA0D0196E427000FC5C2E /* LoginOut.m in Sources */ = {isa = PBXBuildFile; fileRef = E2ACA0CE196E427000FC5C2E /* LoginOut.m */; };
		E2CC66C919628D8100566EA3 /* OrderInfo.h in Headers */ = {isa = PBXBuildFile; fileRef = E2CC66C719628D8100566EA3 /* OrderInfo.h */; };
		E2CC66CA19628D8100566EA3 /* OrderInfo.m in Sources */ = {isa = PBXBuildFile; fileRef = E2CC66C819628D8100566EA3 /* OrderInfo.m */; };
		E2CC66CF1962CF9300566EA3 /* UPPayPluginDelegate.h in Headers */ = {isa = PBXBuildFile; fileRef = E2CC66CD1962CF9300566EA3 /* UPPayPluginDelegate.h */; };
		E2E42CE81948456B00A894ED /* InfoPlist.strings in Resources */ = {isa = PBXBuildFile; fileRef = E2E42CE61948456B00A894ED /* InfoPlist.strings */; };
		E2E719D41973CB7500F07580 /* libUPPayPlugin.a in Frameworks */ = {isa = PBXBuildFile; fileRef = E2E719D31973CB7500F07580 /* libUPPayPlugin.a */; };
		E2E719D71973E8A800F07580 /* NSObject+SBJSON.m in Sources */ = {isa = PBXBuildFile; fileRef = E220FD841962630C00A4CBE9 /* NSObject+SBJSON.m */; settings = {COMPILER_FLAGS = "-fno-objc-arc"; }; };
		E2E719D81973E8A800F07580 /* NSString+SBJSON.m in Sources */ = {isa = PBXBuildFile; fileRef = E220FD861962630C00A4CBE9 /* NSString+SBJSON.m */; settings = {COMPILER_FLAGS = "-fno-objc-arc"; }; };
		E2E719D91973E8A800F07580 /* SBJsonBase.m in Sources */ = {isa = PBXBuildFile; fileRef = E220FD881962630C00A4CBE9 /* SBJsonBase.m */; settings = {COMPILER_FLAGS = "-fno-objc-arc"; }; };
		E2E719DA1973E8A800F07580 /* SBJsonParser.m in Sources */ = {isa = PBXBuildFile; fileRef = E220FD8A1962630C00A4CBE9 /* SBJsonParser.m */; settings = {COMPILER_FLAGS = "-fno-objc-arc"; }; };
		E2E719DB1973E8A800F07580 /* SBJsonStreamWriter.m in Sources */ = {isa = PBXBuildFile; fileRef = E220FD8C1962630C00A4CBE9 /* SBJsonStreamWriter.m */; settings = {COMPILER_FLAGS = "-fno-objc-arc"; }; };
		E2E719DC1973E8A800F07580 /* SBJsonWriter.m in Sources */ = {isa = PBXBuildFile; fileRef = E220FD8E1962630C00A4CBE9 /* SBJsonWriter.m */; settings = {COMPILER_FLAGS = "-fno-objc-arc"; }; };
		E2E719DD1973E8EB00F07580 /* JSON.h in Headers */ = {isa = PBXBuildFile; fileRef = E220FD801962630C00A4CBE9 /* JSON.h */; };
		E2E719DE1973E8EB00F07580 /* NSObject+SBJSON.h in Headers */ = {isa = PBXBuildFile; fileRef = E220FD831962630C00A4CBE9 /* NSObject+SBJSON.h */; };
		E2E719DF1973E8EB00F07580 /* NSString+SBJSON.h in Headers */ = {isa = PBXBuildFile; fileRef = E220FD851962630C00A4CBE9 /* NSString+SBJSON.h */; };
		E2E719E01973E8EB00F07580 /* SBJsonBase.h in Headers */ = {isa = PBXBuildFile; fileRef = E220FD871962630C00A4CBE9 /* SBJsonBase.h */; };
		E2E719E11973E8EB00F07580 /* SBJsonParser.h in Headers */ = {isa = PBXBuildFile; fileRef = E220FD891962630C00A4CBE9 /* SBJsonParser.h */; };
		E2E719E21973E8EB00F07580 /* SBJsonStreamWriter.h in Headers */ = {isa = PBXBuildFile; fileRef = E220FD8B1962630C00A4CBE9 /* SBJsonStreamWriter.h */; };
		E2E719E31973E8EB00F07580 /* SBJsonWriter.h in Headers */ = {isa = PBXBuildFile; fileRef = E220FD8D1962630C00A4CBE9 /* SBJsonWriter.h */; };
		E2E719E41973E8EB00F07580 /* SBProxyForJson.h in Headers */ = {isa = PBXBuildFile; fileRef = E220FD8F1962630C00A4CBE9 /* SBProxyForJson.h */; };
		E2FEC3A3195BFF7200112989 /* PayOneCard.h in Headers */ = {isa = PBXBuildFile; fileRef = E2FEC3A1195BFF7200112989 /* PayOneCard.h */; };
		E2FEC3A4195BFF7200112989 /* PayOneCard.m in Sources */ = {isa = PBXBuildFile; fileRef = E2FEC3A2195BFF7200112989 /* PayOneCard.m */; };
/* End PBXBuildFile section */

/* Begin PBXFileReference section */
		E202B79719580A14003C70B9 /* SplusUser.h */ = {isa = PBXFileReference; fileEncoding = 4; lastKnownFileType = sourcecode.c.h; path = SplusUser.h; sourceTree = "<group>"; };
		E202B79819580A14003C70B9 /* SplusUser.m */ = {isa = PBXFileReference; fileEncoding = 4; lastKnownFileType = sourcecode.c.objc; path = SplusUser.m; sourceTree = "<group>"; };
		E205338B19652807007CB4CE /* PayWebView.h */ = {isa = PBXFileReference; fileEncoding = 4; lastKnownFileType = sourcecode.c.h; path = PayWebView.h; sourceTree = "<group>"; };
		E205338C19652807007CB4CE /* PayWebView.m */ = {isa = PBXFileReference; fileEncoding = 4; lastKnownFileType = sourcecode.c.objc; path = PayWebView.m; sourceTree = "<group>"; };
		E2053393196557D7007CB4CE /* QutoPayHome.h */ = {isa = PBXFileReference; fileEncoding = 4; lastKnownFileType = sourcecode.c.h; path = QutoPayHome.h; sourceTree = "<group>"; };
		E2053394196557D7007CB4CE /* QutoPayHome.m */ = {isa = PBXFileReference; fileEncoding = 4; lastKnownFileType = sourcecode.c.objc; path = QutoPayHome.m; sourceTree = "<group>"; };
		E2072E19195D04B6001FA06C /* PayManual.h */ = {isa = PBXFileReference; fileEncoding = 4; lastKnownFileType = sourcecode.c.h; path = PayManual.h; sourceTree = "<group>"; };
		E2072E1A195D04B6001FA06C /* PayManual.m */ = {isa = PBXFileReference; fileEncoding = 4; lastKnownFileType = sourcecode.c.objc; path = PayManual.m; sourceTree = "<group>"; };
		E207ED6B195957F50060A584 /* PayHome.h */ = {isa = PBXFileReference; fileEncoding = 4; lastKnownFileType = sourcecode.c.h; path = PayHome.h; sourceTree = "<group>"; };
		E207ED6C195957F50060A584 /* PayHome.m */ = {isa = PBXFileReference; fileEncoding = 4; lastKnownFileType = sourcecode.c.objc; path = PayHome.m; sourceTree = "<group>"; };
		E207ED6F19595D080060A584 /* CollectionPayCell.h */ = {isa = PBXFileReference; fileEncoding = 4; lastKnownFileType = sourcecode.c.h; path = CollectionPayCell.h; sourceTree = "<group>"; };
		E207ED7019595D080060A584 /* CollectionPayCell.m */ = {isa = PBXFileReference; fileEncoding = 4; lastKnownFileType = sourcecode.c.objc; path = CollectionPayCell.m; sourceTree = "<group>"; };
		E2086F4D195A65B200523F0E /* NSIndexPath+PSTCollectionViewAdditions.h */ = {isa = PBXFileReference; fileEncoding = 4; lastKnownFileType = sourcecode.c.h; path = "NSIndexPath+PSTCollectionViewAdditions.h"; sourceTree = "<group>"; };
		E2086F4E195A65B200523F0E /* NSIndexPath+PSTCollectionViewAdditions.m */ = {isa = PBXFileReference; fileEncoding = 4; lastKnownFileType = sourcecode.c.objc; path = "NSIndexPath+PSTCollectionViewAdditions.m"; sourceTree = "<group>"; };
		E2086F4F195A65B200523F0E /* PSTCollectionView.h */ = {isa = PBXFileReference; fileEncoding = 4; lastKnownFileType = sourcecode.c.h; path = PSTCollectionView.h; sourceTree = "<group>"; };
		E2086F50195A65B200523F0E /* PSTCollectionView.m */ = {isa = PBXFileReference; fileEncoding = 4; lastKnownFileType = sourcecode.c.objc; path = PSTCollectionView.m; sourceTree = "<group>"; };
		E2086F51195A65B200523F0E /* PSTCollectionViewCell.h */ = {isa = PBXFileReference; fileEncoding = 4; lastKnownFileType = sourcecode.c.h; path = PSTCollectionViewCell.h; sourceTree = "<group>"; };
		E2086F52195A65B200523F0E /* PSTCollectionViewCell.m */ = {isa = PBXFileReference; fileEncoding = 4; lastKnownFileType = sourcecode.c.objc; path = PSTCollectionViewCell.m; sourceTree = "<group>"; };
		E2086F53195A65B200523F0E /* PSTCollectionViewCommon.h */ = {isa = PBXFileReference; fileEncoding = 4; lastKnownFileType = sourcecode.c.h; path = PSTCollectionViewCommon.h; sourceTree = "<group>"; };
		E2086F54195A65B200523F0E /* PSTCollectionViewController.h */ = {isa = PBXFileReference; fileEncoding = 4; lastKnownFileType = sourcecode.c.h; path = PSTCollectionViewController.h; sourceTree = "<group>"; };
		E2086F55195A65B200523F0E /* PSTCollectionViewController.m */ = {isa = PBXFileReference; fileEncoding = 4; lastKnownFileType = sourcecode.c.objc; path = PSTCollectionViewController.m; sourceTree = "<group>"; };
		E2086F56195A65B200523F0E /* PSTCollectionViewData.h */ = {isa = PBXFileReference; fileEncoding = 4; lastKnownFileType = sourcecode.c.h; path = PSTCollectionViewData.h; sourceTree = "<group>"; };
		E2086F57195A65B200523F0E /* PSTCollectionViewData.m */ = {isa = PBXFileReference; fileEncoding = 4; lastKnownFileType = sourcecode.c.objc; path = PSTCollectionViewData.m; sourceTree = "<group>"; };
		E2086F58195A65B200523F0E /* PSTCollectionViewFlowLayout.h */ = {isa = PBXFileReference; fileEncoding = 4; lastKnownFileType = sourcecode.c.h; path = PSTCollectionViewFlowLayout.h; sourceTree = "<group>"; };
		E2086F59195A65B200523F0E /* PSTCollectionViewFlowLayout.m */ = {isa = PBXFileReference; fileEncoding = 4; lastKnownFileType = sourcecode.c.objc; path = PSTCollectionViewFlowLayout.m; sourceTree = "<group>"; };
		E2086F5A195A65B200523F0E /* PSTCollectionViewItemKey.h */ = {isa = PBXFileReference; fileEncoding = 4; lastKnownFileType = sourcecode.c.h; path = PSTCollectionViewItemKey.h; sourceTree = "<group>"; };
		E2086F5B195A65B200523F0E /* PSTCollectionViewItemKey.m */ = {isa = PBXFileReference; fileEncoding = 4; lastKnownFileType = sourcecode.c.objc; path = PSTCollectionViewItemKey.m; sourceTree = "<group>"; };
		E2086F5C195A65B200523F0E /* PSTCollectionViewLayout+Internals.h */ = {isa = PBXFileReference; fileEncoding = 4; lastKnownFileType = sourcecode.c.h; path = "PSTCollectionViewLayout+Internals.h"; sourceTree = "<group>"; };
		E2086F5D195A65B200523F0E /* PSTCollectionViewLayout.h */ = {isa = PBXFileReference; fileEncoding = 4; lastKnownFileType = sourcecode.c.h; path = PSTCollectionViewLayout.h; sourceTree = "<group>"; };
		E2086F5E195A65B200523F0E /* PSTCollectionViewLayout.m */ = {isa = PBXFileReference; fileEncoding = 4; lastKnownFileType = sourcecode.c.objc; path = PSTCollectionViewLayout.m; sourceTree = "<group>"; };
		E2086F5F195A65B200523F0E /* PSTCollectionViewUpdateItem.h */ = {isa = PBXFileReference; fileEncoding = 4; lastKnownFileType = sourcecode.c.h; path = PSTCollectionViewUpdateItem.h; sourceTree = "<group>"; };
		E2086F60195A65B200523F0E /* PSTCollectionViewUpdateItem.m */ = {isa = PBXFileReference; fileEncoding = 4; lastKnownFileType = sourcecode.c.objc; path = PSTCollectionViewUpdateItem.m; sourceTree = "<group>"; };
		E2086F61195A65B200523F0E /* PSTGridLayoutInfo.h */ = {isa = PBXFileReference; fileEncoding = 4; lastKnownFileType = sourcecode.c.h; path = PSTGridLayoutInfo.h; sourceTree = "<group>"; };
		E2086F62195A65B200523F0E /* PSTGridLayoutInfo.m */ = {isa = PBXFileReference; fileEncoding = 4; lastKnownFileType = sourcecode.c.objc; path = PSTGridLayoutInfo.m; sourceTree = "<group>"; };
		E2086F63195A65B200523F0E /* PSTGridLayoutItem.h */ = {isa = PBXFileReference; fileEncoding = 4; lastKnownFileType = sourcecode.c.h; path = PSTGridLayoutItem.h; sourceTree = "<group>"; };
		E2086F64195A65B200523F0E /* PSTGridLayoutItem.m */ = {isa = PBXFileReference; fileEncoding = 4; lastKnownFileType = sourcecode.c.objc; path = PSTGridLayoutItem.m; sourceTree = "<group>"; };
		E2086F65195A65B200523F0E /* PSTGridLayoutRow.h */ = {isa = PBXFileReference; fileEncoding = 4; lastKnownFileType = sourcecode.c.h; path = PSTGridLayoutRow.h; sourceTree = "<group>"; };
		E2086F66195A65B200523F0E /* PSTGridLayoutRow.m */ = {isa = PBXFileReference; fileEncoding = 4; lastKnownFileType = sourcecode.c.objc; path = PSTGridLayoutRow.m; sourceTree = "<group>"; };
		E2086F67195A65B200523F0E /* PSTGridLayoutSection.h */ = {isa = PBXFileReference; fileEncoding = 4; lastKnownFileType = sourcecode.c.h; path = PSTGridLayoutSection.h; sourceTree = "<group>"; };
		E2086F68195A65B200523F0E /* PSTGridLayoutSection.m */ = {isa = PBXFileReference; fileEncoding = 4; lastKnownFileType = sourcecode.c.objc; path = PSTGridLayoutSection.m; sourceTree = "<group>"; };
		E2086F85195AC39300523F0E /* PayCreditCard.h */ = {isa = PBXFileReference; fileEncoding = 4; lastKnownFileType = sourcecode.c.h; path = PayCreditCard.h; sourceTree = "<group>"; };
		E2086F86195AC39300523F0E /* PayCreditCard.m */ = {isa = PBXFileReference; fileEncoding = 4; lastKnownFileType = sourcecode.c.objc; path = PayCreditCard.m; sourceTree = "<group>"; };
		E2185CC0196151C700B4C885 /* CoinRatio.h */ = {isa = PBXFileReference; fileEncoding = 4; lastKnownFileType = sourcecode.c.h; path = CoinRatio.h; sourceTree = "<group>"; };
		E2185CC1196151C700B4C885 /* CoinRatio.m */ = {isa = PBXFileReference; fileEncoding = 4; lastKnownFileType = sourcecode.c.objc; path = CoinRatio.m; sourceTree = "<group>"; };
		E220FD7719625DD200A4CBE9 /* AlixPay.h */ = {isa = PBXFileReference; fileEncoding = 4; lastKnownFileType = sourcecode.c.h; path = AlixPay.h; sourceTree = "<group>"; };
		E220FD7819625DD200A4CBE9 /* AlixPayOrder.h */ = {isa = PBXFileReference; fileEncoding = 4; lastKnownFileType = sourcecode.c.h; path = AlixPayOrder.h; sourceTree = "<group>"; };
		E220FD7919625DD200A4CBE9 /* AlixPayResult.h */ = {isa = PBXFileReference; fileEncoding = 4; lastKnownFileType = sourcecode.c.h; path = AlixPayResult.h; sourceTree = "<group>"; };
		E220FD801962630C00A4CBE9 /* JSON.h */ = {isa = PBXFileReference; fileEncoding = 4; lastKnownFileType = sourcecode.c.h; path = JSON.h; sourceTree = "<group>"; };
		E220FD831962630C00A4CBE9 /* NSObject+SBJSON.h */ = {isa = PBXFileReference; fileEncoding = 4; lastKnownFileType = sourcecode.c.h; path = "NSObject+SBJSON.h"; sourceTree = "<group>"; };
		E220FD841962630C00A4CBE9 /* NSObject+SBJSON.m */ = {isa = PBXFileReference; fileEncoding = 4; lastKnownFileType = sourcecode.c.objc; path = "NSObject+SBJSON.m"; sourceTree = "<group>"; };
		E220FD851962630C00A4CBE9 /* NSString+SBJSON.h */ = {isa = PBXFileReference; fileEncoding = 4; lastKnownFileType = sourcecode.c.h; path = "NSString+SBJSON.h"; sourceTree = "<group>"; };
		E220FD861962630C00A4CBE9 /* NSString+SBJSON.m */ = {isa = PBXFileReference; fileEncoding = 4; lastKnownFileType = sourcecode.c.objc; path = "NSString+SBJSON.m"; sourceTree = "<group>"; };
		E220FD871962630C00A4CBE9 /* SBJsonBase.h */ = {isa = PBXFileReference; fileEncoding = 4; lastKnownFileType = sourcecode.c.h; path = SBJsonBase.h; sourceTree = "<group>"; };
		E220FD881962630C00A4CBE9 /* SBJsonBase.m */ = {isa = PBXFileReference; fileEncoding = 4; lastKnownFileType = sourcecode.c.objc; path = SBJsonBase.m; sourceTree = "<group>"; };
		E220FD891962630C00A4CBE9 /* SBJsonParser.h */ = {isa = PBXFileReference; fileEncoding = 4; lastKnownFileType = sourcecode.c.h; path = SBJsonParser.h; sourceTree = "<group>"; };
		E220FD8A1962630C00A4CBE9 /* SBJsonParser.m */ = {isa = PBXFileReference; fileEncoding = 4; lastKnownFileType = sourcecode.c.objc; path = SBJsonParser.m; sourceTree = "<group>"; };
		E220FD8B1962630C00A4CBE9 /* SBJsonStreamWriter.h */ = {isa = PBXFileReference; fileEncoding = 4; lastKnownFileType = sourcecode.c.h; path = SBJsonStreamWriter.h; sourceTree = "<group>"; };
		E220FD8C1962630C00A4CBE9 /* SBJsonStreamWriter.m */ = {isa = PBXFileReference; fileEncoding = 4; lastKnownFileType = sourcecode.c.objc; path = SBJsonStreamWriter.m; sourceTree = "<group>"; };
		E220FD8D1962630C00A4CBE9 /* SBJsonWriter.h */ = {isa = PBXFileReference; fileEncoding = 4; lastKnownFileType = sourcecode.c.h; path = SBJsonWriter.h; sourceTree = "<group>"; };
		E220FD8E1962630C00A4CBE9 /* SBJsonWriter.m */ = {isa = PBXFileReference; fileEncoding = 4; lastKnownFileType = sourcecode.c.objc; path = SBJsonWriter.m; sourceTree = "<group>"; };
		E220FD8F1962630C00A4CBE9 /* SBProxyForJson.h */ = {isa = PBXFileReference; fileEncoding = 4; lastKnownFileType = sourcecode.c.h; path = SBProxyForJson.h; sourceTree = "<group>"; };
		E2291857196A37EC00422926 /* AcountCell.h */ = {isa = PBXFileReference; fileEncoding = 4; lastKnownFileType = sourcecode.c.h; path = AcountCell.h; sourceTree = "<group>"; };
		E2291858196A37EC00422926 /* AcountCell.m */ = {isa = PBXFileReference; fileEncoding = 4; lastKnownFileType = sourcecode.c.objc; path = AcountCell.m; sourceTree = "<group>"; };
		E229185B196A3BC900422926 /* AcountHome.h */ = {isa = PBXFileReference; fileEncoding = 4; lastKnownFileType = sourcecode.c.h; path = AcountHome.h; sourceTree = "<group>"; };
		E229185C196A3BC900422926 /* AcountHome.m */ = {isa = PBXFileReference; fileEncoding = 4; lastKnownFileType = sourcecode.c.objc; path = AcountHome.m; sourceTree = "<group>"; };
		E229185F196A86FC00422926 /* SafeHome.h */ = {isa = PBXFileReference; fileEncoding = 4; lastKnownFileType = sourcecode.c.h; path = SafeHome.h; sourceTree = "<group>"; };
		E2291860196A86FC00422926 /* SafeHome.m */ = {isa = PBXFileReference; fileEncoding = 4; lastKnownFileType = sourcecode.c.objc; path = SafeHome.m; sourceTree = "<group>"; };
		E2291863196A93AD00422926 /* BindPhone.h */ = {isa = PBXFileReference; fileEncoding = 4; lastKnownFileType = sourcecode.c.h; path = BindPhone.h; sourceTree = "<group>"; };
		E2291864196A93AD00422926 /* BindPhone.m */ = {isa = PBXFileReference; fileEncoding = 4; lastKnownFileType = sourcecode.c.objc; path = BindPhone.m; sourceTree = "<group>"; };
		E2291867196AAB9100422926 /* ModifyPwd.h */ = {isa = PBXFileReference; fileEncoding = 4; lastKnownFileType = sourcecode.c.h; path = ModifyPwd.h; sourceTree = "<group>"; };
		E2291868196AAB9100422926 /* ModifyPwd.m */ = {isa = PBXFileReference; fileEncoding = 4; lastKnownFileType = sourcecode.c.objc; path = ModifyPwd.m; sourceTree = "<group>"; };
		E22A90EF196BDE97006338C3 /* AcountWeb.h */ = {isa = PBXFileReference; fileEncoding = 4; lastKnownFileType = sourcecode.c.h; path = AcountWeb.h; sourceTree = "<group>"; };
		E22A90F0196BDE97006338C3 /* AcountWeb.m */ = {isa = PBXFileReference; fileEncoding = 4; lastKnownFileType = sourcecode.c.objc; path = AcountWeb.m; sourceTree = "<group>"; };
		E237B3FF1952C434007E7103 /* Register.h */ = {isa = PBXFileReference; fileEncoding = 4; lastKnownFileType = sourcecode.c.h; path = Register.h; sourceTree = "<group>"; };
		E237B4001952C434007E7103 /* Register.m */ = {isa = PBXFileReference; fileEncoding = 4; lastKnownFileType = sourcecode.c.objc; path = Register.m; sourceTree = "<group>"; };
		E23C1FD819515E7100EC4F37 /* Activate.h */ = {isa = PBXFileReference; fileEncoding = 4; lastKnownFileType = sourcecode.c.h; path = Activate.h; sourceTree = "<group>"; };
		E23C1FD919515E7100EC4F37 /* Activate.m */ = {isa = PBXFileReference; fileEncoding = 4; lastKnownFileType = sourcecode.c.objc; path = Activate.m; sourceTree = "<group>"; };
		E23C1FDC19515E7100EC4F37 /* HttpUrl.h */ = {isa = PBXFileReference; fileEncoding = 4; lastKnownFileType = sourcecode.c.h; path = HttpUrl.h; sourceTree = "<group>"; };
		E23C1FDE19515E7100EC4F37 /* AppInfo.h */ = {isa = PBXFileReference; fileEncoding = 4; lastKnownFileType = sourcecode.c.h; path = AppInfo.h; sourceTree = "<group>"; };
		E23C1FDF19515E7100EC4F37 /* AppInfo.m */ = {isa = PBXFileReference; fileEncoding = 4; lastKnownFileType = sourcecode.c.objc; path = AppInfo.m; sourceTree = "<group>"; };
		E23C1FE119515E7100EC4F37 /* SplusInterfaceKit.h */ = {isa = PBXFileReference; fileEncoding = 4; lastKnownFileType = sourcecode.c.h; path = SplusInterfaceKit.h; sourceTree = "<group>"; };
		E23C1FE219515E7100EC4F37 /* SplusInterfaceKit.m */ = {isa = PBXFileReference; fileEncoding = 4; lastKnownFileType = sourcecode.c.objc; path = SplusInterfaceKit.m; sourceTree = "<group>"; };
		E23C1FE419515E7100EC4F37 /* checkWifi.h */ = {isa = PBXFileReference; fileEncoding = 4; lastKnownFileType = sourcecode.c.h; path = checkWifi.h; sourceTree = "<group>"; };
		E23C1FE519515E7100EC4F37 /* checkWifi.m */ = {isa = PBXFileReference; fileEncoding = 4; lastKnownFileType = sourcecode.c.objc; path = checkWifi.m; sourceTree = "<group>"; };
		E23C1FE619515E7100EC4F37 /* qqMac.h */ = {isa = PBXFileReference; fileEncoding = 4; lastKnownFileType = sourcecode.c.h; path = qqMac.h; sourceTree = "<group>"; };
		E23C1FE719515E7100EC4F37 /* qqMac.m */ = {isa = PBXFileReference; fileEncoding = 4; lastKnownFileType = sourcecode.c.objc; path = qqMac.m; sourceTree = "<group>"; };
		E23C1FE819515E7100EC4F37 /* Reachability.h */ = {isa = PBXFileReference; fileEncoding = 4; lastKnownFileType = sourcecode.c.h; path = Reachability.h; sourceTree = "<group>"; };
		E23C1FE919515E7100EC4F37 /* Reachability.m */ = {isa = PBXFileReference; fileEncoding = 4; lastKnownFileType = sourcecode.c.objc; path = Reachability.m; sourceTree = "<group>"; };
		E23C1FFC19515E7200EC4F37 /* MBProgressHUD.h */ = {isa = PBXFileReference; fileEncoding = 4; lastKnownFileType = sourcecode.c.h; path = MBProgressHUD.h; sourceTree = "<group>"; };
		E23C1FFD19515E7200EC4F37 /* MBProgressHUD.m */ = {isa = PBXFileReference; fileEncoding = 4; lastKnownFileType = sourcecode.c.objc; path = MBProgressHUD.m; sourceTree = "<group>"; };
		E23C1FFF19515E7200EC4F37 /* Login.h */ = {isa = PBXFileReference; fileEncoding = 4; lastKnownFileType = sourcecode.c.h; path = Login.h; sourceTree = "<group>"; };
		E23C200019515E7200EC4F37 /* Login.m */ = {isa = PBXFileReference; fileEncoding = 4; lastKnownFileType = sourcecode.c.objc; path = Login.m; sourceTree = "<group>"; };
		E23C200319515E7200EC4F37 /* MyMD5.h */ = {isa = PBXFileReference; fileEncoding = 4; lastKnownFileType = sourcecode.c.h; path = MyMD5.h; sourceTree = "<group>"; };
		E23C200419515E7200EC4F37 /* MyMD5.m */ = {isa = PBXFileReference; fileEncoding = 4; lastKnownFileType = sourcecode.c.objc; path = MyMD5.m; sourceTree = "<group>"; };
		E23C200619515E7200EC4F37 /* SplusCallback.h */ = {isa = PBXFileReference; fileEncoding = 4; lastKnownFileType = sourcecode.c.h; path = SplusCallback.h; sourceTree = "<group>"; };
		E23C201019515E7200EC4F37 /* NSData+ASE128.h */ = {isa = PBXFileReference; fileEncoding = 4; lastKnownFileType = sourcecode.c.h; path = "NSData+ASE128.h"; sourceTree = "<group>"; };
		E23C201119515E7200EC4F37 /* NSData+ASE128.m */ = {isa = PBXFileReference; fileEncoding = 4; lastKnownFileType = sourcecode.c.objc; path = "NSData+ASE128.m"; sourceTree = "<group>"; };
		E23C201619515E7200EC4F37 /* NSData+hexRepresentationWithSpaces_AS.h */ = {isa = PBXFileReference; fileEncoding = 4; lastKnownFileType = sourcecode.c.h; path = "NSData+hexRepresentationWithSpaces_AS.h"; sourceTree = "<group>"; };
		E23C201719515E7200EC4F37 /* NSData+hexRepresentationWithSpaces_AS.m */ = {isa = PBXFileReference; fileEncoding = 4; lastKnownFileType = sourcecode.c.objc; path = "NSData+hexRepresentationWithSpaces_AS.m"; sourceTree = "<group>"; };
		E23C201819515E7200EC4F37 /* NSString+dataFromHexString.h */ = {isa = PBXFileReference; fileEncoding = 4; lastKnownFileType = sourcecode.c.h; path = "NSString+dataFromHexString.h"; sourceTree = "<group>"; };
		E23C201919515E7200EC4F37 /* NSString+dataFromHexString.m */ = {isa = PBXFileReference; fileEncoding = 4; lastKnownFileType = sourcecode.c.objc; path = "NSString+dataFromHexString.m"; sourceTree = "<group>"; };
		E23C201F19515E7200EC4F37 /* QCheckBox.h */ = {isa = PBXFileReference; fileEncoding = 4; lastKnownFileType = sourcecode.c.h; path = QCheckBox.h; sourceTree = "<group>"; };
		E23C202019515E7200EC4F37 /* QCheckBox.m */ = {isa = PBXFileReference; fileEncoding = 4; lastKnownFileType = sourcecode.c.objc; path = QCheckBox.m; sourceTree = "<group>"; };
		E23C202219515E7200EC4F37 /* httpRequest.h */ = {isa = PBXFileReference; fileEncoding = 4; lastKnownFileType = sourcecode.c.h; path = httpRequest.h; sourceTree = "<group>"; };
		E23C202319515E7200EC4F37 /* httpRequest.m */ = {isa = PBXFileReference; fileEncoding = 4; lastKnownFileType = sourcecode.c.objc; path = httpRequest.m; sourceTree = "<group>"; };
		E23C202419515E7200EC4F37 /* NSDictionary+QueryBuilder.h */ = {isa = PBXFileReference; fileEncoding = 4; lastKnownFileType = sourcecode.c.h; path = "NSDictionary+QueryBuilder.h"; sourceTree = "<group>"; };
		E23C202519515E7200EC4F37 /* NSDictionary+QueryBuilder.m */ = {isa = PBXFileReference; fileEncoding = 4; lastKnownFileType = sourcecode.c.objc; path = "NSDictionary+QueryBuilder.m"; sourceTree = "<group>"; };
		E23C202619515E7200EC4F37 /* SplusImage.h */ = {isa = PBXFileReference; fileEncoding = 4; lastKnownFileType = sourcecode.c.h; path = SplusImage.h; sourceTree = "<group>"; };
		E23C202719515E7200EC4F37 /* SplusImage.m */ = {isa = PBXFileReference; fileEncoding = 4; lastKnownFileType = sourcecode.c.objc; path = SplusImage.m; sourceTree = "<group>"; };
		E23C202919515E7200EC4F37 /* UserData.h */ = {isa = PBXFileReference; fileEncoding = 4; lastKnownFileType = sourcecode.c.h; path = UserData.h; sourceTree = "<group>"; };
		E23C202A19515E7200EC4F37 /* UserData.m */ = {isa = PBXFileReference; fileEncoding = 4; lastKnownFileType = sourcecode.c.objc; path = UserData.m; sourceTree = "<group>"; };
		E23C207619516E8500EC4F37 /* GetImage.h */ = {isa = PBXFileReference; fileEncoding = 4; lastKnownFileType = sourcecode.c.h; path = GetImage.h; sourceTree = "<group>"; };
		E23C207719516E8500EC4F37 /* GetImage.m */ = {isa = PBXFileReference; fileEncoding = 4; lastKnownFileType = sourcecode.c.objc; path = GetImage.m; sourceTree = "<group>"; };
		E23C20801951A86900EC4F37 /* DropListView.h */ = {isa = PBXFileReference; fileEncoding = 4; lastKnownFileType = sourcecode.c.h; path = DropListView.h; sourceTree = "<group>"; };
		E23C20811951A86900EC4F37 /* DropListView.m */ = {isa = PBXFileReference; fileEncoding = 4; lastKnownFileType = sourcecode.c.objc; path = DropListView.m; sourceTree = "<group>"; };
		E23C20841951AA9700EC4F37 /* DropCell.h */ = {isa = PBXFileReference; fileEncoding = 4; lastKnownFileType = sourcecode.c.h; path = DropCell.h; sourceTree = "<group>"; };
		E23C20851951AA9700EC4F37 /* DropCell.m */ = {isa = PBXFileReference; fileEncoding = 4; lastKnownFileType = sourcecode.c.objc; path = DropCell.m; sourceTree = "<group>"; };
		E241AEA019664A7300D88E77 /* QutoPayWay.h */ = {isa = PBXFileReference; fileEncoding = 4; lastKnownFileType = sourcecode.c.h; path = QutoPayWay.h; sourceTree = "<group>"; };
		E241AEA119664A7300D88E77 /* QutoPayWay.m */ = {isa = PBXFileReference; fileEncoding = 4; lastKnownFileType = sourcecode.c.objc; path = QutoPayWay.m; sourceTree = "<group>"; };
		E24777C7196CDDDE00C01404 /* Floating.h */ = {isa = PBXFileReference; fileEncoding = 4; lastKnownFileType = sourcecode.c.h; path = Floating.h; sourceTree = "<group>"; };
		E24777C8196CDDDE00C01404 /* Floating.m */ = {isa = PBXFileReference; fileEncoding = 4; lastKnownFileType = sourcecode.c.objc; path = Floating.m; sourceTree = "<group>"; };
		E24777C9196CDDDE00C01404 /* RCDraggableButton.h */ = {isa = PBXFileReference; fileEncoding = 4; lastKnownFileType = sourcecode.c.h; path = RCDraggableButton.h; sourceTree = "<group>"; };
		E24777CA196CDDDE00C01404 /* RCDraggableButton.m */ = {isa = PBXFileReference; fileEncoding = 4; lastKnownFileType = sourcecode.c.objc; path = RCDraggableButton.m; sourceTree = "<group>"; };
		E24777CF196D182800C01404 /* HomeButton.h */ = {isa = PBXFileReference; fileEncoding = 4; lastKnownFileType = sourcecode.c.h; path = HomeButton.h; sourceTree = "<group>"; };
		E24777D0196D182800C01404 /* HomeButton.m */ = {isa = PBXFileReference; fileEncoding = 4; lastKnownFileType = sourcecode.c.objc; path = HomeButton.m; sourceTree = "<group>"; };
		E24777D3196D3D0F00C01404 /* QutoPayTip.h */ = {isa = PBXFileReference; fileEncoding = 4; lastKnownFileType = sourcecode.c.h; path = QutoPayTip.h; sourceTree = "<group>"; };
		E24777D4196D3D0F00C01404 /* QutoPayTip.m */ = {isa = PBXFileReference; fileEncoding = 4; lastKnownFileType = sourcecode.c.objc; path = QutoPayTip.m; sourceTree = "<group>"; };
		E25EB1C119541DB000CDBEC8 /* ActivateInfo.h */ = {isa = PBXFileReference; fileEncoding = 4; lastKnownFileType = sourcecode.c.h; path = ActivateInfo.h; sourceTree = "<group>"; };
		E25EB1C219541DB000CDBEC8 /* ActivateInfo.m */ = {isa = PBXFileReference; fileEncoding = 4; lastKnownFileType = sourcecode.c.objc; path = ActivateInfo.m; sourceTree = "<group>"; };
		E2A1267D196FB5F100CCB9FF /* libalixpay.a */ = {isa = PBXFileReference; lastKnownFileType = archive.ar; path = libalixpay.a; sourceTree = "<group>"; };
		E2A1267E196FB5F100CCB9FF /* libcrypto.a */ = {isa = PBXFileReference; lastKnownFileType = archive.ar; path = libcrypto.a; sourceTree = "<group>"; };
		E2A1267F196FB5F100CCB9FF /* libssl.a */ = {isa = PBXFileReference; lastKnownFileType = archive.ar; path = libssl.a; sourceTree = "<group>"; };
		E2A17B7D196F97F5001EC392 /* SystemConfiguration.framework */ = {isa = PBXFileReference; lastKnownFileType = wrapper.framework; name = SystemConfiguration.framework; path = System/Library/Frameworks/SystemConfiguration.framework; sourceTree = SDKROOT; };
		E2ACA0CD196E427000FC5C2E /* LoginOut.h */ = {isa = PBXFileReference; fileEncoding = 4; lastKnownFileType = sourcecode.c.h; path = LoginOut.h; sourceTree = "<group>"; };
		E2ACA0CE196E427000FC5C2E /* LoginOut.m */ = {isa = PBXFileReference; fileEncoding = 4; lastKnownFileType = sourcecode.c.objc; path = LoginOut.m; sourceTree = "<group>"; };
		E2CC66C719628D8100566EA3 /* OrderInfo.h */ = {isa = PBXFileReference; fileEncoding = 4; lastKnownFileType = sourcecode.c.h; path = OrderInfo.h; sourceTree = "<group>"; };
		E2CC66C819628D8100566EA3 /* OrderInfo.m */ = {isa = PBXFileReference; fileEncoding = 4; lastKnownFileType = sourcecode.c.objc; path = OrderInfo.m; sourceTree = "<group>"; };
		E2CC66CC1962CF9300566EA3 /* UPPayPlugin.h */ = {isa = PBXFileReference; fileEncoding = 4; lastKnownFileType = sourcecode.c.h; path = UPPayPlugin.h; sourceTree = "<group>"; };
		E2CC66CD1962CF9300566EA3 /* UPPayPluginDelegate.h */ = {isa = PBXFileReference; fileEncoding = 4; lastKnownFileType = sourcecode.c.h; path = UPPayPluginDelegate.h; sourceTree = "<group>"; };
		E2E42CB6194844B000A894ED /* Foundation.framework */ = {isa = PBXFileReference; lastKnownFileType = wrapper.framework; name = Foundation.framework; path = System/Library/Frameworks/Foundation.framework; sourceTree = SDKROOT; };
		E2E42CE01948456B00A894ED /* SplusIosSdk.framework */ = {isa = PBXFileReference; explicitFileType = wrapper.cfbundle; includeInIndex = 0; path = SplusIosSdk.framework; sourceTree = BUILT_PRODUCTS_DIR; };
		E2E42CE11948456B00A894ED /* CoreFoundation.framework */ = {isa = PBXFileReference; lastKnownFileType = wrapper.framework; name = CoreFoundation.framework; path = System/Library/Frameworks/CoreFoundation.framework; sourceTree = SDKROOT; };
		E2E42CE51948456B00A894ED /* SplusIosSdk-Info.plist */ = {isa = PBXFileReference; lastKnownFileType = text.plist.xml; path = "SplusIosSdk-Info.plist"; sourceTree = "<group>"; };
		E2E42CE71948456B00A894ED /* en */ = {isa = PBXFileReference; lastKnownFileType = text.plist.strings; name = en; path = en.lproj/InfoPlist.strings; sourceTree = "<group>"; };
		E2E42CE91948456B00A894ED /* SplusIosSdk-Prefix.pch */ = {isa = PBXFileReference; lastKnownFileType = sourcecode.c.h; path = "SplusIosSdk-Prefix.pch"; sourceTree = "<group>"; };
		E2E719D31973CB7500F07580 /* libUPPayPlugin.a */ = {isa = PBXFileReference; lastKnownFileType = archive.ar; path = libUPPayPlugin.a; sourceTree = "<group>"; };
		E2FEC3A1195BFF7200112989 /* PayOneCard.h */ = {isa = PBXFileReference; fileEncoding = 4; lastKnownFileType = sourcecode.c.h; path = PayOneCard.h; sourceTree = "<group>"; };
		E2FEC3A2195BFF7200112989 /* PayOneCard.m */ = {isa = PBXFileReference; fileEncoding = 4; lastKnownFileType = sourcecode.c.objc; path = PayOneCard.m; sourceTree = "<group>"; };
/* End PBXFileReference section */

/* Begin PBXFrameworksBuildPhase section */
		E2E42CDD1948456B00A894ED /* Frameworks */ = {
			isa = PBXFrameworksBuildPhase;
			buildActionMask = 2147483647;
			files = (
				E2A12683196FB5F100CCB9FF /* libssl.a in Frameworks */,
				E2A12681196FB5F100CCB9FF /* libalixpay.a in Frameworks */,
				E2E719D41973CB7500F07580 /* libUPPayPlugin.a in Frameworks */,
				E2A17B7E196F97F5001EC392 /* SystemConfiguration.framework in Frameworks */,
				E2A12682196FB5F100CCB9FF /* libcrypto.a in Frameworks */,
			);
			runOnlyForDeploymentPostprocessing = 0;
		};
/* End PBXFrameworksBuildPhase section */

/* Begin PBXGroup section */
		E20533911965575B007CB4CE /* UnQuotaPay */ = {
			isa = PBXGroup;
			children = (
				E207ED6B195957F50060A584 /* PayHome.h */,
				E207ED6C195957F50060A584 /* PayHome.m */,
				E207ED6F19595D080060A584 /* CollectionPayCell.h */,
				E207ED7019595D080060A584 /* CollectionPayCell.m */,
				E2086F85195AC39300523F0E /* PayCreditCard.h */,
				E2086F86195AC39300523F0E /* PayCreditCard.m */,
				E2FEC3A1195BFF7200112989 /* PayOneCard.h */,
				E2FEC3A2195BFF7200112989 /* PayOneCard.m */,
				E2072E19195D04B6001FA06C /* PayManual.h */,
				E2072E1A195D04B6001FA06C /* PayManual.m */,
				E2185CC0196151C700B4C885 /* CoinRatio.h */,
				E2185CC1196151C700B4C885 /* CoinRatio.m */,
				E2CC66C719628D8100566EA3 /* OrderInfo.h */,
				E2CC66C819628D8100566EA3 /* OrderInfo.m */,
				E205338B19652807007CB4CE /* PayWebView.h */,
				E205338C19652807007CB4CE /* PayWebView.m */,
			);
			name = UnQuotaPay;
			sourceTree = "<group>";
		};
		E205339219655775007CB4CE /* QutoPay */ = {
			isa = PBXGroup;
			children = (
				E2053393196557D7007CB4CE /* QutoPayHome.h */,
				E2053394196557D7007CB4CE /* QutoPayHome.m */,
				E241AEA019664A7300D88E77 /* QutoPayWay.h */,
				E241AEA119664A7300D88E77 /* QutoPayWay.m */,
				E24777D3196D3D0F00C01404 /* QutoPayTip.h */,
				E24777D4196D3D0F00C01404 /* QutoPayTip.m */,
			);
			name = QutoPay;
			sourceTree = "<group>";
		};
		E207ED6A195957D90060A584 /* Payment */ = {
			isa = PBXGroup;
			children = (
				E205339219655775007CB4CE /* QutoPay */,
				E20533911965575B007CB4CE /* UnQuotaPay */,
				E2086F4C195A65B200523F0E /* PSTCollectionView */,
			);
			path = Payment;
			sourceTree = "<group>";
		};
		E2086F4C195A65B200523F0E /* PSTCollectionView */ = {
			isa = PBXGroup;
			children = (
				E2086F4D195A65B200523F0E /* NSIndexPath+PSTCollectionViewAdditions.h */,
				E2086F4E195A65B200523F0E /* NSIndexPath+PSTCollectionViewAdditions.m */,
				E2086F4F195A65B200523F0E /* PSTCollectionView.h */,
				E2086F50195A65B200523F0E /* PSTCollectionView.m */,
				E2086F51195A65B200523F0E /* PSTCollectionViewCell.h */,
				E2086F52195A65B200523F0E /* PSTCollectionViewCell.m */,
				E2086F53195A65B200523F0E /* PSTCollectionViewCommon.h */,
				E2086F54195A65B200523F0E /* PSTCollectionViewController.h */,
				E2086F55195A65B200523F0E /* PSTCollectionViewController.m */,
				E2086F56195A65B200523F0E /* PSTCollectionViewData.h */,
				E2086F57195A65B200523F0E /* PSTCollectionViewData.m */,
				E2086F58195A65B200523F0E /* PSTCollectionViewFlowLayout.h */,
				E2086F59195A65B200523F0E /* PSTCollectionViewFlowLayout.m */,
				E2086F5A195A65B200523F0E /* PSTCollectionViewItemKey.h */,
				E2086F5B195A65B200523F0E /* PSTCollectionViewItemKey.m */,
				E2086F5C195A65B200523F0E /* PSTCollectionViewLayout+Internals.h */,
				E2086F5D195A65B200523F0E /* PSTCollectionViewLayout.h */,
				E2086F5E195A65B200523F0E /* PSTCollectionViewLayout.m */,
				E2086F5F195A65B200523F0E /* PSTCollectionViewUpdateItem.h */,
				E2086F60195A65B200523F0E /* PSTCollectionViewUpdateItem.m */,
				E2086F61195A65B200523F0E /* PSTGridLayoutInfo.h */,
				E2086F62195A65B200523F0E /* PSTGridLayoutInfo.m */,
				E2086F63195A65B200523F0E /* PSTGridLayoutItem.h */,
				E2086F64195A65B200523F0E /* PSTGridLayoutItem.m */,
				E2086F65195A65B200523F0E /* PSTGridLayoutRow.h */,
				E2086F66195A65B200523F0E /* PSTGridLayoutRow.m */,
				E2086F67195A65B200523F0E /* PSTGridLayoutSection.h */,
				E2086F68195A65B200523F0E /* PSTGridLayoutSection.m */,
			);
			name = PSTCollectionView;
			path = SplusIosSdk/Classes/PSTCollectionView;
			sourceTree = SOURCE_ROOT;
		};
		E220FD7619625DD200A4CBE9 /* alipay */ = {
			isa = PBXGroup;
			children = (
				E220FD7719625DD200A4CBE9 /* AlixPay.h */,
				E220FD7819625DD200A4CBE9 /* AlixPayOrder.h */,
				E220FD7919625DD200A4CBE9 /* AlixPayResult.h */,
			);
			path = alipay;
			sourceTree = "<group>";
		};
		E220FD7F1962630C00A4CBE9 /* JSon */ = {
			isa = PBXGroup;
			children = (
				E220FD801962630C00A4CBE9 /* JSON.h */,
				E220FD831962630C00A4CBE9 /* NSObject+SBJSON.h */,
				E220FD841962630C00A4CBE9 /* NSObject+SBJSON.m */,
				E220FD851962630C00A4CBE9 /* NSString+SBJSON.h */,
				E220FD861962630C00A4CBE9 /* NSString+SBJSON.m */,
				E220FD871962630C00A4CBE9 /* SBJsonBase.h */,
				E220FD881962630C00A4CBE9 /* SBJsonBase.m */,
				E220FD891962630C00A4CBE9 /* SBJsonParser.h */,
				E220FD8A1962630C00A4CBE9 /* SBJsonParser.m */,
				E220FD8B1962630C00A4CBE9 /* SBJsonStreamWriter.h */,
				E220FD8C1962630C00A4CBE9 /* SBJsonStreamWriter.m */,
				E220FD8D1962630C00A4CBE9 /* SBJsonWriter.h */,
				E220FD8E1962630C00A4CBE9 /* SBJsonWriter.m */,
				E220FD8F1962630C00A4CBE9 /* SBProxyForJson.h */,
			);
			path = JSon;
			sourceTree = "<group>";
		};
		E237B3FE1952C416007E7103 /* Register */ = {
			isa = PBXGroup;
			children = (
				E237B3FF1952C434007E7103 /* Register.h */,
				E237B4001952C434007E7103 /* Register.m */,
			);
			path = Register;
			sourceTree = "<group>";
		};
		E23C1FD619515E7100EC4F37 /* Classes */ = {
			isa = PBXGroup;
			children = (
				E24777C6196CDDDE00C01404 /* SuspendButton */,
				E2C0B6761966906B005562AF /* AcountManage */,
				E2CC66CB1962CF9300566EA3 /* UPPayPlugin */,
				E220FD7F1962630C00A4CBE9 /* JSon */,
				E220FD7619625DD200A4CBE9 /* alipay */,
				E207ED6A195957D90060A584 /* Payment */,
				E237B3FE1952C416007E7103 /* Register */,
				E23C1FD719515E7100EC4F37 /* Activate */,
				E23C1FDB19515E7100EC4F37 /* Address */,
				E23C1FDD19515E7100EC4F37 /* AppInfo */,
				E23C1FE019515E7100EC4F37 /* CallInterface */,
				E23C1FE319515E7100EC4F37 /* DeviceInfo */,
				E23C1FFB19515E7200EC4F37 /* Loading */,
				E23C1FFE19515E7200EC4F37 /* Login */,
				E23C200219515E7200EC4F37 /* MD5 */,
				E23C200519515E7200EC4F37 /* Protocol */,
				E23C200719515E7200EC4F37 /* SafeLib */,
				E23C201E19515E7200EC4F37 /* SplusCheckBox */,
				E23C202119515E7200EC4F37 /* Tool */,
				E23C202819515E7200EC4F37 /* UserInfo */,
			);
			path = Classes;
			sourceTree = "<group>";
		};
		E23C1FD719515E7100EC4F37 /* Activate */ = {
			isa = PBXGroup;
			children = (
				E23C1FD819515E7100EC4F37 /* Activate.h */,
				E23C1FD919515E7100EC4F37 /* Activate.m */,
				E25EB1C119541DB000CDBEC8 /* ActivateInfo.h */,
				E25EB1C219541DB000CDBEC8 /* ActivateInfo.m */,
			);
			path = Activate;
			sourceTree = "<group>";
		};
		E23C1FDB19515E7100EC4F37 /* Address */ = {
			isa = PBXGroup;
			children = (
				E23C1FDC19515E7100EC4F37 /* HttpUrl.h */,
			);
			path = Address;
			sourceTree = "<group>";
		};
		E23C1FDD19515E7100EC4F37 /* AppInfo */ = {
			isa = PBXGroup;
			children = (
				E202B79719580A14003C70B9 /* SplusUser.h */,
				E202B79819580A14003C70B9 /* SplusUser.m */,
				E23C1FDE19515E7100EC4F37 /* AppInfo.h */,
				E23C1FDF19515E7100EC4F37 /* AppInfo.m */,
			);
			path = AppInfo;
			sourceTree = "<group>";
		};
		E23C1FE019515E7100EC4F37 /* CallInterface */ = {
			isa = PBXGroup;
			children = (
				E23C1FE119515E7100EC4F37 /* SplusInterfaceKit.h */,
				E23C1FE219515E7100EC4F37 /* SplusInterfaceKit.m */,
			);
			path = CallInterface;
			sourceTree = "<group>";
		};
		E23C1FE319515E7100EC4F37 /* DeviceInfo */ = {
			isa = PBXGroup;
			children = (
				E23C1FE419515E7100EC4F37 /* checkWifi.h */,
				E23C1FE519515E7100EC4F37 /* checkWifi.m */,
				E23C1FE619515E7100EC4F37 /* qqMac.h */,
				E23C1FE719515E7100EC4F37 /* qqMac.m */,
				E23C1FE819515E7100EC4F37 /* Reachability.h */,
				E23C1FE919515E7100EC4F37 /* Reachability.m */,
			);
			path = DeviceInfo;
			sourceTree = "<group>";
		};
		E23C1FFB19515E7200EC4F37 /* Loading */ = {
			isa = PBXGroup;
			children = (
				E23C1FFC19515E7200EC4F37 /* MBProgressHUD.h */,
				E23C1FFD19515E7200EC4F37 /* MBProgressHUD.m */,
			);
			path = Loading;
			sourceTree = "<group>";
		};
		E23C1FFE19515E7200EC4F37 /* Login */ = {
			isa = PBXGroup;
			children = (
				E24777CF196D182800C01404 /* HomeButton.h */,
				E24777D0196D182800C01404 /* HomeButton.m */,
				E23C20841951AA9700EC4F37 /* DropCell.h */,
				E23C20851951AA9700EC4F37 /* DropCell.m */,
				E23C20801951A86900EC4F37 /* DropListView.h */,
				E23C20811951A86900EC4F37 /* DropListView.m */,
				E23C1FFF19515E7200EC4F37 /* Login.h */,
				E23C200019515E7200EC4F37 /* Login.m */,
			);
			path = Login;
			sourceTree = "<group>";
		};
		E23C200219515E7200EC4F37 /* MD5 */ = {
			isa = PBXGroup;
			children = (
				E23C200319515E7200EC4F37 /* MyMD5.h */,
				E23C200419515E7200EC4F37 /* MyMD5.m */,
			);
			path = MD5;
			sourceTree = "<group>";
		};
		E23C200519515E7200EC4F37 /* Protocol */ = {
			isa = PBXGroup;
			children = (
				E23C200619515E7200EC4F37 /* SplusCallback.h */,
			);
			path = Protocol;
			sourceTree = "<group>";
		};
		E23C200719515E7200EC4F37 /* SafeLib */ = {
			isa = PBXGroup;
			children = (
				E23C201019515E7200EC4F37 /* NSData+ASE128.h */,
				E23C201119515E7200EC4F37 /* NSData+ASE128.m */,
				E23C201619515E7200EC4F37 /* NSData+hexRepresentationWithSpaces_AS.h */,
				E23C201719515E7200EC4F37 /* NSData+hexRepresentationWithSpaces_AS.m */,
				E23C201819515E7200EC4F37 /* NSString+dataFromHexString.h */,
				E23C201919515E7200EC4F37 /* NSString+dataFromHexString.m */,
			);
			path = SafeLib;
			sourceTree = "<group>";
		};
		E23C201E19515E7200EC4F37 /* SplusCheckBox */ = {
			isa = PBXGroup;
			children = (
				E23C201F19515E7200EC4F37 /* QCheckBox.h */,
				E23C202019515E7200EC4F37 /* QCheckBox.m */,
			);
			path = SplusCheckBox;
			sourceTree = "<group>";
		};
		E23C202119515E7200EC4F37 /* Tool */ = {
			isa = PBXGroup;
			children = (
				E23C207619516E8500EC4F37 /* GetImage.h */,
				E23C207719516E8500EC4F37 /* GetImage.m */,
				E23C202219515E7200EC4F37 /* httpRequest.h */,
				E23C202319515E7200EC4F37 /* httpRequest.m */,
				E23C202419515E7200EC4F37 /* NSDictionary+QueryBuilder.h */,
				E23C202519515E7200EC4F37 /* NSDictionary+QueryBuilder.m */,
				E23C202619515E7200EC4F37 /* SplusImage.h */,
				E23C202719515E7200EC4F37 /* SplusImage.m */,
			);
			path = Tool;
			sourceTree = "<group>";
		};
		E23C202819515E7200EC4F37 /* UserInfo */ = {
			isa = PBXGroup;
			children = (
				E23C202919515E7200EC4F37 /* UserData.h */,
				E23C202A19515E7200EC4F37 /* UserData.m */,
			);
			path = UserInfo;
			sourceTree = "<group>";
		};
		E24777C6196CDDDE00C01404 /* SuspendButton */ = {
			isa = PBXGroup;
			children = (
				E24777C7196CDDDE00C01404 /* Floating.h */,
				E24777C8196CDDDE00C01404 /* Floating.m */,
				E24777C9196CDDDE00C01404 /* RCDraggableButton.h */,
				E24777CA196CDDDE00C01404 /* RCDraggableButton.m */,
			);
			path = SuspendButton;
			sourceTree = "<group>";
		};
		E2C0B6761966906B005562AF /* AcountManage */ = {
			isa = PBXGroup;
			children = (
				E2291857196A37EC00422926 /* AcountCell.h */,
				E2291858196A37EC00422926 /* AcountCell.m */,
				E229185B196A3BC900422926 /* AcountHome.h */,
				E229185C196A3BC900422926 /* AcountHome.m */,
				E229185F196A86FC00422926 /* SafeHome.h */,
				E2291860196A86FC00422926 /* SafeHome.m */,
				E2291863196A93AD00422926 /* BindPhone.h */,
				E2291864196A93AD00422926 /* BindPhone.m */,
				E2291867196AAB9100422926 /* ModifyPwd.h */,
				E2291868196AAB9100422926 /* ModifyPwd.m */,
				E22A90EF196BDE97006338C3 /* AcountWeb.h */,
				E22A90F0196BDE97006338C3 /* AcountWeb.m */,
				E2ACA0CD196E427000FC5C2E /* LoginOut.h */,
				E2ACA0CE196E427000FC5C2E /* LoginOut.m */,
			);
			path = AcountManage;
			sourceTree = "<group>";
		};
		E2CC66CB1962CF9300566EA3 /* UPPayPlugin */ = {
			isa = PBXGroup;
			children = (
				E2CC66CC1962CF9300566EA3 /* UPPayPlugin.h */,
				E2CC66CD1962CF9300566EA3 /* UPPayPluginDelegate.h */,
			);
			path = UPPayPlugin;
			sourceTree = "<group>";
		};
		E2E42CAA194844B000A894ED = {
			isa = PBXGroup;
			children = (
				E2E42CE31948456B00A894ED /* SplusIosSdk */,
				E2E42CB5194844B000A894ED /* Frameworks */,
				E2E42CB4194844B000A894ED /* Products */,
			);
			sourceTree = "<group>";
		};
		E2E42CB4194844B000A894ED /* Products */ = {
			isa = PBXGroup;
			children = (
				E2E42CE01948456B00A894ED /* SplusIosSdk.framework */,
			);
			name = Products;
			sourceTree = "<group>";
		};
		E2E42CB5194844B000A894ED /* Frameworks */ = {
			isa = PBXGroup;
			children = (
				E2E719D31973CB7500F07580 /* libUPPayPlugin.a */,
				E2A1267D196FB5F100CCB9FF /* libalixpay.a */,
				E2A1267E196FB5F100CCB9FF /* libcrypto.a */,
				E2A1267F196FB5F100CCB9FF /* libssl.a */,
				E2A17B7D196F97F5001EC392 /* SystemConfiguration.framework */,
				E2E42CB6194844B000A894ED /* Foundation.framework */,
				E2E42CE11948456B00A894ED /* CoreFoundation.framework */,
			);
			name = Frameworks;
			sourceTree = "<group>";
		};
		E2E42CE31948456B00A894ED /* SplusIosSdk */ = {
			isa = PBXGroup;
			children = (
				E23C1FD619515E7100EC4F37 /* Classes */,
				E2E42CE41948456B00A894ED /* Supporting Files */,
			);
			path = SplusIosSdk;
			sourceTree = "<group>";
		};
		E2E42CE41948456B00A894ED /* Supporting Files */ = {
			isa = PBXGroup;
			children = (
				E2E42CE51948456B00A894ED /* SplusIosSdk-Info.plist */,
				E2E42CE61948456B00A894ED /* InfoPlist.strings */,
				E2E42CE91948456B00A894ED /* SplusIosSdk-Prefix.pch */,
			);
			name = "Supporting Files";
			sourceTree = "<group>";
		};
/* End PBXGroup section */

/* Begin PBXHeadersBuildPhase section */
		E2E42CED1948467B00A894ED /* Headers */ = {
			isa = PBXHeadersBuildPhase;
			buildActionMask = 2147483647;
			files = (
				E202B79919580A14003C70B9 /* SplusUser.h in Headers */,
				E23C203119515E7200EC4F37 /* SplusInterfaceKit.h in Headers */,
				E23C205019515E7200EC4F37 /* SplusCallback.h in Headers */,
				E2E719DD1973E8EB00F07580 /* JSON.h in Headers */,
				E2E719DE1973E8EB00F07580 /* NSObject+SBJSON.h in Headers */,
				E2E719DF1973E8EB00F07580 /* NSString+SBJSON.h in Headers */,
				E2E719E01973E8EB00F07580 /* SBJsonBase.h in Headers */,
				E2E719E11973E8EB00F07580 /* SBJsonParser.h in Headers */,
				E2E719E21973E8EB00F07580 /* SBJsonStreamWriter.h in Headers */,
				E2E719E31973E8EB00F07580 /* SBJsonWriter.h in Headers */,
				E2E719E41973E8EB00F07580 /* SBProxyForJson.h in Headers */,
				E2A17B7A196F90DF001EC392 /* UPPayPlugin.h in Headers */,
				E23C203519515E7200EC4F37 /* qqMac.h in Headers */,
				E23C203319515E7200EC4F37 /* checkWifi.h in Headers */,
				E23C202F19515E7200EC4F37 /* AppInfo.h in Headers */,
				E23C206F19515E7200EC4F37 /* UserData.h in Headers */,
				E23C204B19515E7200EC4F37 /* Login.h in Headers */,
				E23C206B19515E7200EC4F37 /* NSDictionary+QueryBuilder.h in Headers */,
				E23C206D19515E7200EC4F37 /* SplusImage.h in Headers */,
				E23C204919515E7200EC4F37 /* MBProgressHUD.h in Headers */,
				E23C205F19515E7200EC4F37 /* NSData+hexRepresentationWithSpaces_AS.h in Headers */,
				E229185D196A3BC900422926 /* AcountHome.h in Headers */,
				E23C202E19515E7200EC4F37 /* HttpUrl.h in Headers */,
				E2291865196A93AD00422926 /* BindPhone.h in Headers */,
				E24777D5196D3D0F00C01404 /* QutoPayTip.h in Headers */,
				E23C205919515E7200EC4F37 /* NSData+ASE128.h in Headers */,
				E23C204E19515E7200EC4F37 /* MyMD5.h in Headers */,
				E220FD7B19625DD200A4CBE9 /* AlixPayOrder.h in Headers */,
				E220FD7C19625DD200A4CBE9 /* AlixPayResult.h in Headers */,
				E2086F6F195A65B200523F0E /* PSTCollectionViewCommon.h in Headers */,
				E2086F7F195A65B200523F0E /* PSTGridLayoutItem.h in Headers */,
				E2291859196A37EC00422926 /* AcountCell.h in Headers */,
				E2CC66C919628D8100566EA3 /* OrderInfo.h in Headers */,
				E2086F78195A65B200523F0E /* PSTCollectionViewLayout+Internals.h in Headers */,
				E2086F69195A65B200523F0E /* NSIndexPath+PSTCollectionViewAdditions.h in Headers */,
				E2086F7B195A65B200523F0E /* PSTCollectionViewUpdateItem.h in Headers */,
				E220FD7A19625DD200A4CBE9 /* AlixPay.h in Headers */,
				E2ACA0CF196E427000FC5C2E /* LoginOut.h in Headers */,
				E2086F81195A65B200523F0E /* PSTGridLayoutRow.h in Headers */,
				E205338D19652807007CB4CE /* PayWebView.h in Headers */,
				E24777CB196CDDDE00C01404 /* Floating.h in Headers */,
				E22A90F1196BDE97006338C3 /* AcountWeb.h in Headers */,
				E2086F87195AC39300523F0E /* PayCreditCard.h in Headers */,
				E2086F7D195A65B200523F0E /* PSTGridLayoutInfo.h in Headers */,
				E2086F83195A65B200523F0E /* PSTGridLayoutSection.h in Headers */,
				E2086F70195A65B200523F0E /* PSTCollectionViewController.h in Headers */,
				E2072E1B195D04B6001FA06C /* PayManual.h in Headers */,
				E2086F6B195A65B200523F0E /* PSTCollectionView.h in Headers */,
				E2CC66CF1962CF9300566EA3 /* UPPayPluginDelegate.h in Headers */,
				E24777D1196D182800C01404 /* HomeButton.h in Headers */,
				E2185CC2196151C700B4C885 /* CoinRatio.h in Headers */,
				E24777CD196CDDDE00C01404 /* RCDraggableButton.h in Headers */,
				E241AEA219664A7300D88E77 /* QutoPayWay.h in Headers */,
				E2086F72195A65B200523F0E /* PSTCollectionViewData.h in Headers */,
				E2086F76195A65B200523F0E /* PSTCollectionViewItemKey.h in Headers */,
				E2086F79195A65B200523F0E /* PSTCollectionViewLayout.h in Headers */,
				E207ED6D195957F50060A584 /* PayHome.h in Headers */,
				E2FEC3A3195BFF7200112989 /* PayOneCard.h in Headers */,
				E207ED7119595D080060A584 /* CollectionPayCell.h in Headers */,
				E2086F6D195A65B200523F0E /* PSTCollectionViewCell.h in Headers */,
				E2086F74195A65B200523F0E /* PSTCollectionViewFlowLayout.h in Headers */,
				E23C202B19515E7200EC4F37 /* Activate.h in Headers */,
				E2291869196AAB9100422926 /* ModifyPwd.h in Headers */,
				E23C206119515E7200EC4F37 /* NSString+dataFromHexString.h in Headers */,
				E23C20861951AA9700EC4F37 /* DropCell.h in Headers */,
				E25EB1C319541DB000CDBEC8 /* ActivateInfo.h in Headers */,
				E2053395196557D7007CB4CE /* QutoPayHome.h in Headers */,
				E237B4011952C434007E7103 /* Register.h in Headers */,
				E23C207819516E8500EC4F37 /* GetImage.h in Headers */,
				E23C20821951A86900EC4F37 /* DropListView.h in Headers */,
				E23C206719515E7200EC4F37 /* QCheckBox.h in Headers */,
				E23C206919515E7200EC4F37 /* httpRequest.h in Headers */,
				E2291861196A86FC00422926 /* SafeHome.h in Headers */,
				E23C203719515E7200EC4F37 /* Reachability.h in Headers */,
			);
			runOnlyForDeploymentPostprocessing = 0;
		};
/* End PBXHeadersBuildPhase section */

/* Begin PBXNativeTarget section */
		E2E42CDF1948456B00A894ED /* SplusIosSdk */ = {
			isa = PBXNativeTarget;
			buildConfigurationList = E2E42CEA1948456B00A894ED /* Build configuration list for PBXNativeTarget "SplusIosSdk" */;
			buildPhases = (
				E2E42CDC1948456B00A894ED /* Sources */,
				E2E42CDD1948456B00A894ED /* Frameworks */,
				E2E42CDE1948456B00A894ED /* Resources */,
				E2E42CED1948467B00A894ED /* Headers */,
			);
			buildRules = (
			);
			dependencies = (
			);
			name = SplusIosSdk;
			productName = SplusIosSdk;
			productReference = E2E42CE01948456B00A894ED /* SplusIosSdk.framework */;
			productType = "com.apple.product-type.bundle";
		};
/* End PBXNativeTarget section */

/* Begin PBXProject section */
		E2E42CAB194844B000A894ED /* Project object */ = {
			isa = PBXProject;
			attributes = {
				LastUpgradeCheck = 0510;
				ORGANIZATIONNAME = akzhang;
			};
			buildConfigurationList = E2E42CAE194844B000A894ED /* Build configuration list for PBXProject "SplusFramework" */;
			compatibilityVersion = "Xcode 3.2";
			developmentRegion = English;
			hasScannedForEncodings = 0;
			knownRegions = (
				en,
			);
			mainGroup = E2E42CAA194844B000A894ED;
			productRefGroup = E2E42CB4194844B000A894ED /* Products */;
			projectDirPath = "";
			projectRoot = "";
			targets = (
				E2E42CDF1948456B00A894ED /* SplusIosSdk */,
			);
		};
/* End PBXProject section */

/* Begin PBXResourcesBuildPhase section */
		E2E42CDE1948456B00A894ED /* Resources */ = {
			isa = PBXResourcesBuildPhase;
			buildActionMask = 2147483647;
			files = (
				E2E42CE81948456B00A894ED /* InfoPlist.strings in Resources */,
			);
			runOnlyForDeploymentPostprocessing = 0;
		};
/* End PBXResourcesBuildPhase section */

/* Begin PBXSourcesBuildPhase section */
		E2E42CDC1948456B00A894ED /* Sources */ = {
			isa = PBXSourcesBuildPhase;
			buildActionMask = 2147483647;
			files = (
				E2E719D71973E8A800F07580 /* NSObject+SBJSON.m in Sources */,
				E2E719D81973E8A800F07580 /* NSString+SBJSON.m in Sources */,
				E2E719D91973E8A800F07580 /* SBJsonBase.m in Sources */,
				E2E719DA1973E8A800F07580 /* SBJsonParser.m in Sources */,
				E2E719DB1973E8A800F07580 /* SBJsonStreamWriter.m in Sources */,
				E2E719DC1973E8A800F07580 /* SBJsonWriter.m in Sources */,
				E2086F82195A65B200523F0E /* PSTGridLayoutRow.m in Sources */,
				E2086F80195A65B200523F0E /* PSTGridLayoutItem.m in Sources */,
				E23C207919516E8500EC4F37 /* GetImage.m in Sources */,
				E2086F88195AC39300523F0E /* PayCreditCard.m in Sources */,
				E23C206019515E7200EC4F37 /* NSData+hexRepresentationWithSpaces_AS.m in Sources */,
				E2086F73195A65B200523F0E /* PSTCollectionViewData.m in Sources */,
				E2086F84195A65B200523F0E /* PSTGridLayoutSection.m in Sources */,
				E202B79A19580A14003C70B9 /* SplusUser.m in Sources */,
				E2086F75195A65B200523F0E /* PSTCollectionViewFlowLayout.m in Sources */,
				E207ED6E195957F50060A584 /* PayHome.m in Sources */,
				E205338E19652807007CB4CE /* PayWebView.m in Sources */,
				E23C204C19515E7200EC4F37 /* Login.m in Sources */,
				E23C203219515E7200EC4F37 /* SplusInterfaceKit.m in Sources */,
				E24777CC196CDDDE00C01404 /* Floating.m in Sources */,
				E2291866196A93AD00422926 /* BindPhone.m in Sources */,
				E2086F7E195A65B200523F0E /* PSTGridLayoutInfo.m in Sources */,
				E23C202C19515E7200EC4F37 /* Activate.m in Sources */,
				E2086F7A195A65B200523F0E /* PSTCollectionViewLayout.m in Sources */,
				E23C20831951A86900EC4F37 /* DropListView.m in Sources */,
				E23C203619515E7200EC4F37 /* qqMac.m in Sources */,
				E25EB1C419541DB000CDBEC8 /* ActivateInfo.m in Sources */,
				E241AEA319664A7300D88E77 /* QutoPayWay.m in Sources */,
				E2086F6E195A65B200523F0E /* PSTCollectionViewCell.m in Sources */,
				E23C205A19515E7200EC4F37 /* NSData+ASE128.m in Sources */,
				E23C206E19515E7200EC4F37 /* SplusImage.m in Sources */,
				E23C206819515E7200EC4F37 /* QCheckBox.m in Sources */,
				E23C207019515E7200EC4F37 /* UserData.m in Sources */,
				E22A90F2196BDE97006338C3 /* AcountWeb.m in Sources */,
				E2086F6A195A65B200523F0E /* NSIndexPath+PSTCollectionViewAdditions.m in Sources */,
				E229185E196A3BC900422926 /* AcountHome.m in Sources */,
				E2ACA0D0196E427000FC5C2E /* LoginOut.m in Sources */,
				E2291862196A86FC00422926 /* SafeHome.m in Sources */,
				E23C206219515E7200EC4F37 /* NSString+dataFromHexString.m in Sources */,
				E2053396196557D7007CB4CE /* QutoPayHome.m in Sources */,
				E229185A196A37EC00422926 /* AcountCell.m in Sources */,
				E23C203019515E7200EC4F37 /* AppInfo.m in Sources */,
				E24777D2196D182800C01404 /* HomeButton.m in Sources */,
				E229186A196AAB9100422926 /* ModifyPwd.m in Sources */,
				E2086F7C195A65B200523F0E /* PSTCollectionViewUpdateItem.m in Sources */,
				E2185CC3196151C700B4C885 /* CoinRatio.m in Sources */,
				E23C206C19515E7200EC4F37 /* NSDictionary+QueryBuilder.m in Sources */,
				E23C206A19515E7200EC4F37 /* httpRequest.m in Sources */,
				E23C203819515E7200EC4F37 /* Reachability.m in Sources */,
				E29F82971958303700933607 /* Register.m in Sources */,
				E2086F71195A65B200523F0E /* PSTCollectionViewController.m in Sources */,
				E23C203419515E7200EC4F37 /* checkWifi.m in Sources */,
				E23C20871951AA9700EC4F37 /* DropCell.m in Sources */,
				E2FEC3A4195BFF7200112989 /* PayOneCard.m in Sources */,
				E24777CE196CDDDE00C01404 /* RCDraggableButton.m in Sources */,
				E2086F6C195A65B200523F0E /* PSTCollectionView.m in Sources */,
				E2072E1C195D04B6001FA06C /* PayManual.m in Sources */,
				E23C204F19515E7200EC4F37 /* MyMD5.m in Sources */,
				E23C204A19515E7200EC4F37 /* MBProgressHUD.m in Sources */,
				E2CC66CA19628D8100566EA3 /* OrderInfo.m in Sources */,
				E207ED7219595D080060A584 /* CollectionPayCell.m in Sources */,
				E2086F77195A65B200523F0E /* PSTCollectionViewItemKey.m in Sources */,
				E24777D6196D3D0F00C01404 /* QutoPayTip.m in Sources */,
			);
			runOnlyForDeploymentPostprocessing = 0;
		};
/* End PBXSourcesBuildPhase section */

/* Begin PBXVariantGroup section */
		E2E42CE61948456B00A894ED /* InfoPlist.strings */ = {
			isa = PBXVariantGroup;
			children = (
				E2E42CE71948456B00A894ED /* en */,
			);
			name = InfoPlist.strings;
			sourceTree = "<group>";
		};
/* End PBXVariantGroup section */

/* Begin XCBuildConfiguration section */
		E2E42CD4194844B000A894ED /* Debug */ = {
			isa = XCBuildConfiguration;
			buildSettings = {
				ALWAYS_SEARCH_USER_PATHS = NO;
				CLANG_CXX_LANGUAGE_STANDARD = "gnu++0x";
				CLANG_CXX_LIBRARY = "libc++";
				CLANG_ENABLE_MODULES = YES;
				CLANG_ENABLE_OBJC_ARC = YES;
				CLANG_WARN_BOOL_CONVERSION = YES;
				CLANG_WARN_CONSTANT_CONVERSION = YES;
				CLANG_WARN_DIRECT_OBJC_ISA_USAGE = YES_ERROR;
				CLANG_WARN_EMPTY_BODY = YES;
				CLANG_WARN_ENUM_CONVERSION = YES;
				CLANG_WARN_INT_CONVERSION = YES;
				CLANG_WARN_OBJC_ROOT_CLASS = YES_ERROR;
				CLANG_WARN__DUPLICATE_METHOD_MATCH = YES;
				COPY_PHASE_STRIP = NO;
				GCC_C_LANGUAGE_STANDARD = gnu99;
				GCC_DYNAMIC_NO_PIC = NO;
				GCC_OPTIMIZATION_LEVEL = 0;
				GCC_PREPROCESSOR_DEFINITIONS = (
					"DEBUG=1",
					"$(inherited)",
				);
				GCC_SYMBOLS_PRIVATE_EXTERN = NO;
				GCC_WARN_64_TO_32_BIT_CONVERSION = YES;
				GCC_WARN_ABOUT_RETURN_TYPE = YES_ERROR;
				GCC_WARN_UNDECLARED_SELECTOR = YES;
				GCC_WARN_UNINITIALIZED_AUTOS = YES_AGGRESSIVE;
				GCC_WARN_UNUSED_FUNCTION = YES;
				GCC_WARN_UNUSED_VARIABLE = YES;
				IPHONEOS_DEPLOYMENT_TARGET = 7.1;
				ONLY_ACTIVE_ARCH = YES;
				SDKROOT = iphoneos;
			};
			name = Debug;
		};
		E2E42CD5194844B000A894ED /* Release */ = {
			isa = XCBuildConfiguration;
			buildSettings = {
				ALWAYS_SEARCH_USER_PATHS = NO;
				CLANG_CXX_LANGUAGE_STANDARD = "gnu++0x";
				CLANG_CXX_LIBRARY = "libc++";
				CLANG_ENABLE_MODULES = YES;
				CLANG_ENABLE_OBJC_ARC = YES;
				CLANG_WARN_BOOL_CONVERSION = YES;
				CLANG_WARN_CONSTANT_CONVERSION = YES;
				CLANG_WARN_DIRECT_OBJC_ISA_USAGE = YES_ERROR;
				CLANG_WARN_EMPTY_BODY = YES;
				CLANG_WARN_ENUM_CONVERSION = YES;
				CLANG_WARN_INT_CONVERSION = YES;
				CLANG_WARN_OBJC_ROOT_CLASS = YES_ERROR;
				CLANG_WARN__DUPLICATE_METHOD_MATCH = YES;
				COPY_PHASE_STRIP = YES;
				ENABLE_NS_ASSERTIONS = NO;
				GCC_C_LANGUAGE_STANDARD = gnu99;
				GCC_WARN_64_TO_32_BIT_CONVERSION = YES;
				GCC_WARN_ABOUT_RETURN_TYPE = YES_ERROR;
				GCC_WARN_UNDECLARED_SELECTOR = YES;
				GCC_WARN_UNINITIALIZED_AUTOS = YES_AGGRESSIVE;
				GCC_WARN_UNUSED_FUNCTION = YES;
				GCC_WARN_UNUSED_VARIABLE = YES;
				IPHONEOS_DEPLOYMENT_TARGET = 7.1;
				SDKROOT = iphoneos;
				VALIDATE_PRODUCT = YES;
			};
			name = Release;
		};
		E2E42CEB1948456B00A894ED /* Debug */ = {
			isa = XCBuildConfiguration;
			buildSettings = {
				COMBINE_HIDPI_IMAGES = YES;
				DEAD_CODE_STRIPPING = NO;
				FRAMEWORK_SEARCH_PATHS = "";
				GCC_ENABLE_OBJC_EXCEPTIONS = YES;
				GCC_PRECOMPILE_PREFIX_HEADER = YES;
				GCC_PREFIX_HEADER = "SplusIosSdk/SplusIosSdk-Prefix.pch";
				GCC_PREPROCESSOR_DEFINITIONS = (
					"DEBUG=1",
					"$(inherited)",
				);
				INFOPLIST_FILE = "SplusIosSdk/SplusIosSdk-Info.plist";
				INSTALL_PATH = "$(LOCAL_LIBRARY_DIR)/Bundles";
				IPHONEOS_DEPLOYMENT_TARGET = 7.1;
				LIBRARY_SEARCH_PATHS = (
					"$(inherited)",
					"$(PROJECT_DIR)",
				);
				LINK_WITH_STANDARD_LIBRARIES = NO;
				MACH_O_TYPE = mh_object;
				MACOSX_DEPLOYMENT_TARGET = "";
				ONLY_ACTIVE_ARCH = YES;
				OTHER_LDFLAGS = "";
				PRODUCT_NAME = "$(TARGET_NAME)";
				SDKROOT = iphoneos;
				TARGETED_DEVICE_FAMILY = "1,2";
				VALID_ARCHS = "arm64 armv7 armv7s";
				WRAPPER_EXTENSION = framework;
			};
			name = Debug;
		};
		E2E42CEC1948456B00A894ED /* Release */ = {
			isa = XCBuildConfiguration;
			buildSettings = {
				COMBINE_HIDPI_IMAGES = YES;
				DEAD_CODE_STRIPPING = NO;
				DEBUG_INFORMATION_FORMAT = "dwarf-with-dsym";
				FRAMEWORK_SEARCH_PATHS = "";
				GCC_ENABLE_OBJC_EXCEPTIONS = YES;
				GCC_PRECOMPILE_PREFIX_HEADER = YES;
				GCC_PREFIX_HEADER = "SplusIosSdk/SplusIosSdk-Prefix.pch";
				INFOPLIST_FILE = "SplusIosSdk/SplusIosSdk-Info.plist";
				INSTALL_PATH = "$(LOCAL_LIBRARY_DIR)/Bundles";
				IPHONEOS_DEPLOYMENT_TARGET = 7.1;
				LIBRARY_SEARCH_PATHS = (
					"$(inherited)",
					"$(PROJECT_DIR)",
				);
				LINK_WITH_STANDARD_LIBRARIES = NO;
				MACH_O_TYPE = mh_object;
				MACOSX_DEPLOYMENT_TARGET = "";
				OTHER_LDFLAGS = "";
				PRODUCT_NAME = "$(TARGET_NAME)";
				SDKROOT = iphoneos;
				TARGETED_DEVICE_FAMILY = "1,2";
				VALID_ARCHS = "arm64 armv7 armv7s";
				WRAPPER_EXTENSION = framework;
			};
			name = Release;
		};
/* End XCBuildConfiguration section */

/* Begin XCConfigurationList section */
		E2E42CAE194844B000A894ED /* Build configuration list for PBXProject "SplusFramework" */ = {
			isa = XCConfigurationList;
			buildConfigurations = (
				E2E42CD4194844B000A894ED /* Debug */,
				E2E42CD5194844B000A894ED /* Release */,
			);
			defaultConfigurationIsVisible = 0;
			defaultConfigurationName = Release;
		};
		E2E42CEA1948456B00A894ED /* Build configuration list for PBXNativeTarget "SplusIosSdk" */ = {
			isa = XCConfigurationList;
			buildConfigurations = (
				E2E42CEB1948456B00A894ED /* Debug */,
				E2E42CEC1948456B00A894ED /* Release */,
			);
			defaultConfigurationIsVisible = 0;
			defaultConfigurationName = Release;
		};
/* End XCConfigurationList section */
	};
	rootObject = E2E42CAB194844B000A894ED /* Project object */;
}
